// !$*UTF8*$!
{
	archiveVersion = 1;
	classes = {
	};
	objectVersion = 46;
	objects = {

/* Begin PBXBuildFile section */
		1D3623260D0F684500981E51 /* VisageTrackerAppDelegate.m in Sources */ = {isa = PBXBuildFile; fileRef = 1D3623250D0F684500981E51 /* VisageTrackerAppDelegate.m */; };
		1D60589B0D05DD56006BFB54 /* main.m in Sources */ = {isa = PBXBuildFile; fileRef = 29B97316FDCFA39411CA2CEA /* main.m */; };
		1D60589F0D05DD5A006BFB54 /* Foundation.framework in Frameworks */ = {isa = PBXBuildFile; fileRef = 1D30AB110D05D00D00671497 /* Foundation.framework */; };
		1DF5F4E00D08C38300B7A737 /* UIKit.framework in Frameworks */ = {isa = PBXBuildFile; fileRef = 1DF5F4DF0D08C38300B7A737 /* UIKit.framework */; };
		288765FD0DF74451002DB57D /* CoreGraphics.framework in Frameworks */ = {isa = PBXBuildFile; fileRef = 288765FC0DF74451002DB57D /* CoreGraphics.framework */; };
		28AD733F0D9D9553002E5188 /* MainWindow.xib in Resources */ = {isa = PBXBuildFile; fileRef = 28AD733E0D9D9553002E5188 /* MainWindow.xib */; };
		5FB2A1751992519300375E62 /* Images.xcassets in Resources */ = {isa = PBXBuildFile; fileRef = 5FB2A1741992519300375E62 /* Images.xcassets */; };
		5FC0CB5A182B8EFD00FAECDD /* FFT - HighPerformance.cfg in Resources */ = {isa = PBXBuildFile; fileRef = 5FC0CB57182B8EFD00FAECDD /* FFT - HighPerformance.cfg */; };
		5FC0CB5B182B8EFD00FAECDD /* FFT - LowPerformance.cfg in Resources */ = {isa = PBXBuildFile; fileRef = 5FC0CB58182B8EFD00FAECDD /* FFT - LowPerformance.cfg */; };
		5FC0CB5C182B8EFD00FAECDD /* FFT - MidPerformance.cfg in Resources */ = {isa = PBXBuildFile; fileRef = 5FC0CB59182B8EFD00FAECDD /* FFT - MidPerformance.cfg */; };
		5FC0CBEF182BEF7200FAECDD /* HT - HighPerformance.cfg in Resources */ = {isa = PBXBuildFile; fileRef = 5FC0CBEC182BEF7200FAECDD /* HT - HighPerformance.cfg */; };
		5FC0CBF0182BEF7200FAECDD /* HT - LowPerformance.cfg in Resources */ = {isa = PBXBuildFile; fileRef = 5FC0CBED182BEF7200FAECDD /* HT - LowPerformance.cfg */; };
		5FC0CBF1182BEF7200FAECDD /* HT - MidPerformance.cfg in Resources */ = {isa = PBXBuildFile; fileRef = 5FC0CBEE182BEF7200FAECDD /* HT - MidPerformance.cfg */; };
		7F16723D165675420027CF82 /* face.png in Resources */ = {isa = PBXBuildFile; fileRef = 7F16723C165675420027CF82 /* face.png */; };
		7F4E06BB14A10CF10005A8B2 /* w_gr.jpg in Resources */ = {isa = PBXBuildFile; fileRef = 7F4E06BA14A10CF10005A8B2 /* w_gr.jpg */; };
		7F5BE46A15A2FEEA00A23D53 /* MobileCoreServices.framework in Frameworks */ = {isa = PBXBuildFile; fileRef = 7F5BE46915A2FEEA00A23D53 /* MobileCoreServices.framework */; };
		7F7F68331356F90A004CEF3D /* OpenGLES.framework in Frameworks */ = {isa = PBXBuildFile; fileRef = 7F7F68321356F90A004CEF3D /* OpenGLES.framework */; };
		7F7F6B6613570944004CEF3D /* AVFoundation.framework in Frameworks */ = {isa = PBXBuildFile; fileRef = 7F7F6B6513570944004CEF3D /* AVFoundation.framework */; };
		7F7F7B181358516F00481B4E /* CoreVideo.framework in Frameworks */ = {isa = PBXBuildFile; fileRef = 7F7F7B171358516F00481B4E /* CoreVideo.framework */; };
		7F7F7B1E1358518300481B4E /* CoreMedia.framework in Frameworks */ = {isa = PBXBuildFile; fileRef = 7F7F7B1D1358518300481B4E /* CoreMedia.framework */; };
		7F7F7BA01358600E00481B4E /* QuartzCore.framework in Frameworks */ = {isa = PBXBuildFile; fileRef = 7F7F7B9F1358600E00481B4E /* QuartzCore.framework */; };
		7F80FFA4155298DC009FAF99 /* ImageIO.framework in Frameworks */ = {isa = PBXBuildFile; fileRef = 7F80FFA3155298DC009FAF99 /* ImageIO.framework */; };
		7F839AFB14BDCC85006AAD3C /* DemoFrameGrabber.mm in Sources */ = {isa = PBXBuildFile; fileRef = 7F839AFA14BDCC85006AAD3C /* DemoFrameGrabber.mm */; };
		7F866350149F33890074326B /* candide3.fdp in Resources */ = {isa = PBXBuildFile; fileRef = 7F86634D149F33890074326B /* candide3.fdp */; };
		7F866351149F33890074326B /* candide3.wfm in Resources */ = {isa = PBXBuildFile; fileRef = 7F86634E149F33890074326B /* candide3.wfm */; };
		7F8664B7149F3B7C0074326B /* libz.dylib in Frameworks */ = {isa = PBXBuildFile; fileRef = 7F8664B6149F3B7C0074326B /* libz.dylib */; };
		7F8664DA149F3CCA0074326B /* icon.png in Resources */ = {isa = PBXBuildFile; fileRef = 7F8664D9149F3CCA0074326B /* icon.png */; };
		7F92D8EE14A0AC9200289759 /* TrackerWrapper.mm in Sources */ = {isa = PBXBuildFile; fileRef = 7F92D8ED14A0AC9200289759 /* TrackerWrapper.mm */; };
		7F95106C14BC959E0018BE21 /* DemoObserver.mm in Sources */ = {isa = PBXBuildFile; fileRef = 7F95106B14BC959E0018BE21 /* DemoObserver.mm */; };
		7F9AEDE714A10525004E034C /* MainWindow-iPad.xib in Resources */ = {isa = PBXBuildFile; fileRef = 7F9AEDE614A10525004E034C /* MainWindow-iPad.xib */; };
		7F9FC0DA15120A70008372CE /* jam1.mp4 in Resources */ = {isa = PBXBuildFile; fileRef = 7F9FC0D915120A70008372CE /* jam1.mp4 */; };
		7FAAC66A163AACA600ACD5CD /* UIDeviceHardware.m in Sources */ = {isa = PBXBuildFile; fileRef = 7FAAC669163AACA600ACD5CD /* UIDeviceHardware.m */; };
		7FAAC677163AB6B300ACD5CD /* bdtsdata in Resources */ = {isa = PBXBuildFile; fileRef = 7FAAC676163AB6B300ACD5CD /* bdtsdata */; };
		7FABECC814A1082F00E3420C /* libVisageCore.a in Frameworks */ = {isa = PBXBuildFile; fileRef = 7FABECC614A1082F00E3420C /* libVisageCore.a */; };
		7FABECC914A1082F00E3420C /* libVisageVision.a in Frameworks */ = {isa = PBXBuildFile; fileRef = 7FABECC714A1082F00E3420C /* libVisageVision.a */; };
		7FCE132E148F845600C5B776 /* VisageTrackerViewController.m in Sources */ = {isa = PBXBuildFile; fileRef = 7FCE132D148F845600C5B776 /* VisageTrackerViewController.m */; };
		7FD924C8149F3E8000B52A45 /* CustomGLView.m in Sources */ = {isa = PBXBuildFile; fileRef = 7FD924C7149F3E8000B52A45 /* CustomGLView.m */; };
/* End PBXBuildFile section */

/* Begin PBXFileReference section */
		1D30AB110D05D00D00671497 /* Foundation.framework */ = {isa = PBXFileReference; lastKnownFileType = wrapper.framework; name = Foundation.framework; path = System/Library/Frameworks/Foundation.framework; sourceTree = SDKROOT; };
		1D3623240D0F684500981E51 /* VisageTrackerAppDelegate.h */ = {isa = PBXFileReference; fileEncoding = 4; lastKnownFileType = sourcecode.c.h; path = VisageTrackerAppDelegate.h; sourceTree = "<group>"; };
		1D3623250D0F684500981E51 /* VisageTrackerAppDelegate.m */ = {isa = PBXFileReference; fileEncoding = 4; lastKnownFileType = sourcecode.c.objc; path = VisageTrackerAppDelegate.m; sourceTree = "<group>"; };
		1D6058910D05DD3D006BFB54 /* VisageTrackerDemo.app */ = {isa = PBXFileReference; explicitFileType = wrapper.application; includeInIndex = 0; path = VisageTrackerDemo.app; sourceTree = BUILT_PRODUCTS_DIR; };
		1DF5F4DF0D08C38300B7A737 /* UIKit.framework */ = {isa = PBXFileReference; lastKnownFileType = wrapper.framework; name = UIKit.framework; path = System/Library/Frameworks/UIKit.framework; sourceTree = SDKROOT; };
		288765FC0DF74451002DB57D /* CoreGraphics.framework */ = {isa = PBXFileReference; lastKnownFileType = wrapper.framework; name = CoreGraphics.framework; path = System/Library/Frameworks/CoreGraphics.framework; sourceTree = SDKROOT; };
		28AD733E0D9D9553002E5188 /* MainWindow.xib */ = {isa = PBXFileReference; lastKnownFileType = file.xib; path = MainWindow.xib; sourceTree = "<group>"; };
		29B97316FDCFA39411CA2CEA /* main.m */ = {isa = PBXFileReference; fileEncoding = 4; lastKnownFileType = sourcecode.c.objc; path = main.m; sourceTree = "<group>"; };
		5FB2A1741992519300375E62 /* Images.xcassets */ = {isa = PBXFileReference; lastKnownFileType = folder.assetcatalog; name = Images.xcassets; path = VisageTrackerDemo/Images.xcassets; sourceTree = "<group>"; };
		5FC0CB57182B8EFD00FAECDD /* FFT - HighPerformance.cfg */ = {isa = PBXFileReference; fileEncoding = 4; lastKnownFileType = text; name = "FFT - HighPerformance.cfg"; path = "../data/FFT - HighPerformance.cfg"; sourceTree = "<group>"; };
		5FC0CB58182B8EFD00FAECDD /* FFT - LowPerformance.cfg */ = {isa = PBXFileReference; fileEncoding = 4; lastKnownFileType = text; name = "FFT - LowPerformance.cfg"; path = "../data/FFT - LowPerformance.cfg"; sourceTree = "<group>"; };
		5FC0CB59182B8EFD00FAECDD /* FFT - MidPerformance.cfg */ = {isa = PBXFileReference; fileEncoding = 4; lastKnownFileType = text; name = "FFT - MidPerformance.cfg"; path = "../data/FFT - MidPerformance.cfg"; sourceTree = "<group>"; };
		5FC0CBEC182BEF7200FAECDD /* HT - HighPerformance.cfg */ = {isa = PBXFileReference; fileEncoding = 4; lastKnownFileType = text; name = "HT - HighPerformance.cfg"; path = "../data/HT - HighPerformance.cfg"; sourceTree = "<group>"; };
		5FC0CBED182BEF7200FAECDD /* HT - LowPerformance.cfg */ = {isa = PBXFileReference; fileEncoding = 4; lastKnownFileType = text; name = "HT - LowPerformance.cfg"; path = "../data/HT - LowPerformance.cfg"; sourceTree = "<group>"; };
		5FC0CBEE182BEF7200FAECDD /* HT - MidPerformance.cfg */ = {isa = PBXFileReference; fileEncoding = 4; lastKnownFileType = text; name = "HT - MidPerformance.cfg"; path = "../data/HT - MidPerformance.cfg"; sourceTree = "<group>"; };
		7F16723C165675420027CF82 /* face.png */ = {isa = PBXFileReference; lastKnownFileType = image.png; name = face.png; path = ../data/face.png; sourceTree = "<group>"; };
		7F4E06BA14A10CF10005A8B2 /* w_gr.jpg */ = {isa = PBXFileReference; lastKnownFileType = image.jpeg; name = w_gr.jpg; path = Resources/w_gr.jpg; sourceTree = "<group>"; };
		7F5BE46915A2FEEA00A23D53 /* MobileCoreServices.framework */ = {isa = PBXFileReference; lastKnownFileType = wrapper.framework; name = MobileCoreServices.framework; path = System/Library/Frameworks/MobileCoreServices.framework; sourceTree = SDKROOT; };
		7F7F68321356F90A004CEF3D /* OpenGLES.framework */ = {isa = PBXFileReference; lastKnownFileType = wrapper.framework; name = OpenGLES.framework; path = System/Library/Frameworks/OpenGLES.framework; sourceTree = SDKROOT; };
		7F7F6B6513570944004CEF3D /* AVFoundation.framework */ = {isa = PBXFileReference; lastKnownFileType = wrapper.framework; name = AVFoundation.framework; path = System/Library/Frameworks/AVFoundation.framework; sourceTree = SDKROOT; };
		7F7F7B171358516F00481B4E /* CoreVideo.framework */ = {isa = PBXFileReference; lastKnownFileType = wrapper.framework; name = CoreVideo.framework; path = System/Library/Frameworks/CoreVideo.framework; sourceTree = SDKROOT; };
		7F7F7B1D1358518300481B4E /* CoreMedia.framework */ = {isa = PBXFileReference; lastKnownFileType = wrapper.framework; name = CoreMedia.framework; path = System/Library/Frameworks/CoreMedia.framework; sourceTree = SDKROOT; };
		7F7F7B9F1358600E00481B4E /* QuartzCore.framework */ = {isa = PBXFileReference; lastKnownFileType = wrapper.framework; name = QuartzCore.framework; path = System/Library/Frameworks/QuartzCore.framework; sourceTree = SDKROOT; };
		7F80FFA3155298DC009FAF99 /* ImageIO.framework */ = {isa = PBXFileReference; lastKnownFileType = wrapper.framework; name = ImageIO.framework; path = System/Library/Frameworks/ImageIO.framework; sourceTree = SDKROOT; };
		7F839AF914BDCC85006AAD3C /* DemoFrameGrabber.h */ = {isa = PBXFileReference; fileEncoding = 4; lastKnownFileType = sourcecode.c.h; path = DemoFrameGrabber.h; sourceTree = "<group>"; };
		7F839AFA14BDCC85006AAD3C /* DemoFrameGrabber.mm */ = {isa = PBXFileReference; fileEncoding = 4; lastKnownFileType = sourcecode.cpp.objcpp; path = DemoFrameGrabber.mm; sourceTree = "<group>"; };
		7F86634D149F33890074326B /* candide3.fdp */ = {isa = PBXFileReference; fileEncoding = 4; lastKnownFileType = text; name = candide3.fdp; path = ../data/candide3.fdp; sourceTree = SOURCE_ROOT; };
		7F86634E149F33890074326B /* candide3.wfm */ = {isa = PBXFileReference; fileEncoding = 4; lastKnownFileType = text; name = candide3.wfm; path = ../data/candide3.wfm; sourceTree = SOURCE_ROOT; };
		7F866371149F34840074326B /* VisageTrackerDemo_Prefix.pch */ = {isa = PBXFileReference; fileEncoding = 4; lastKnownFileType = sourcecode.c.h; path = VisageTrackerDemo_Prefix.pch; sourceTree = "<group>"; };
		7F8664B6149F3B7C0074326B /* libz.dylib */ = {isa = PBXFileReference; lastKnownFileType = "compiled.mach-o.dylib"; name = libz.dylib; path = usr/lib/libz.dylib; sourceTree = SDKROOT; };
		7F8664D9149F3CCA0074326B /* icon.png */ = {isa = PBXFileReference; lastKnownFileType = image.png; name = icon.png; path = Resources/icon.png; sourceTree = "<group>"; };
		7F92D8EC14A0AC9200289759 /* TrackerWrapper.h */ = {isa = PBXFileReference; fileEncoding = 4; lastKnownFileType = sourcecode.c.h; path = TrackerWrapper.h; sourceTree = "<group>"; };
		7F92D8ED14A0AC9200289759 /* TrackerWrapper.mm */ = {isa = PBXFileReference; fileEncoding = 4; lastKnownFileType = sourcecode.cpp.objcpp; path = TrackerWrapper.mm; sourceTree = "<group>"; };
		7F92F74514BAE499004FAA57 /* FBAPs.h */ = {isa = PBXFileReference; fileEncoding = 4; lastKnownFileType = sourcecode.c.h; name = FBAPs.h; path = ../../../include/FBAPs.h; sourceTree = "<group>"; };
		7F92F74614BAE499004FAA57 /* FDP.h */ = {isa = PBXFileReference; fileEncoding = 4; lastKnownFileType = sourcecode.c.h; name = FDP.h; path = ../../../include/FDP.h; sourceTree = "<group>"; };
		7F92F74914BAE499004FAA57 /* gluLookAt.h */ = {isa = PBXFileReference; fileEncoding = 4; lastKnownFileType = sourcecode.c.h; name = gluLookAt.h; path = ../../../include/gluLookAt.h; sourceTree = "<group>"; };
		7F92F76914BAE499004FAA57 /* TrackerGUIInterface.h */ = {isa = PBXFileReference; fileEncoding = 4; lastKnownFileType = sourcecode.c.h; name = TrackerGUIInterface.h; path = ../../../include/TrackerGUIInterface.h; sourceTree = "<group>"; };
		7F92F76B14BAE499004FAA57 /* TrackerOpenGLInterface.h */ = {isa = PBXFileReference; fileEncoding = 4; lastKnownFileType = sourcecode.c.h; name = TrackerOpenGLInterface.h; path = ../../../include/TrackerOpenGLInterface.h; sourceTree = "<group>"; };
		7F92F77514BAE499004FAA57 /* VisageTracker2.h */ = {isa = PBXFileReference; fileEncoding = 4; lastKnownFileType = sourcecode.c.h; name = VisageTracker2.h; path = ../../../include/VisageTracker2.h; sourceTree = "<group>"; };
		7F92F77614BAE499004FAA57 /* VisageTrackerFrameGrabber.h */ = {isa = PBXFileReference; fileEncoding = 4; lastKnownFileType = sourcecode.c.h; name = VisageTrackerFrameGrabber.h; path = ../../../include/VisageTrackerFrameGrabber.h; sourceTree = "<group>"; };
		7F92F77714BAE499004FAA57 /* VisageTrackerObserver.h */ = {isa = PBXFileReference; fileEncoding = 4; lastKnownFileType = sourcecode.c.h; name = VisageTrackerObserver.h; path = ../../../include/VisageTrackerObserver.h; sourceTree = "<group>"; };
		7F92F77814BAE499004FAA57 /* visageVision.h */ = {isa = PBXFileReference; fileEncoding = 4; lastKnownFileType = sourcecode.c.h; name = visageVision.h; path = ../../../include/visageVision.h; sourceTree = "<group>"; };
		7F92F78214BAE4C6004FAA57 /* Utilities.h */ = {isa = PBXFileReference; fileEncoding = 4; lastKnownFileType = sourcecode.c.h; name = Utilities.h; path = ../../../include/libIOS/Utilities.h; sourceTree = "<group>"; };
		7F95106A14BC959E0018BE21 /* DemoObserver.h */ = {isa = PBXFileReference; fileEncoding = 4; lastKnownFileType = sourcecode.c.h; path = DemoObserver.h; sourceTree = "<group>"; };
		7F95106B14BC959E0018BE21 /* DemoObserver.mm */ = {isa = PBXFileReference; fileEncoding = 4; lastKnownFileType = sourcecode.cpp.objcpp; path = DemoObserver.mm; sourceTree = "<group>"; };
		7F9AEDE614A10525004E034C /* MainWindow-iPad.xib */ = {isa = PBXFileReference; lastKnownFileType = file.xib; name = "MainWindow-iPad.xib"; path = "Resources-iPad/MainWindow-iPad.xib"; sourceTree = "<group>"; };
		7F9FC0D915120A70008372CE /* jam1.mp4 */ = {isa = PBXFileReference; lastKnownFileType = file; name = jam1.mp4; path = Resources/jam1.mp4; sourceTree = "<group>"; };
		7FAAC668163AACA600ACD5CD /* UIDeviceHardware.h */ = {isa = PBXFileReference; fileEncoding = 4; lastKnownFileType = sourcecode.c.h; path = UIDeviceHardware.h; sourceTree = "<group>"; };
		7FAAC669163AACA600ACD5CD /* UIDeviceHardware.m */ = {isa = PBXFileReference; fileEncoding = 4; lastKnownFileType = sourcecode.c.objc; path = UIDeviceHardware.m; sourceTree = "<group>"; };
		7FAAC676163AB6B300ACD5CD /* bdtsdata */ = {isa = PBXFileReference; lastKnownFileType = folder; name = bdtsdata; path = ../data/bdtsdata; sourceTree = "<group>"; };
		7FABECC614A1082F00E3420C /* libVisageCore.a */ = {isa = PBXFileReference; lastKnownFileType = archive.ar; name = libVisageCore.a; path = ../../../lib/libVisageCore.a; sourceTree = SOURCE_ROOT; };
		7FABECC714A1082F00E3420C /* libVisageVision.a */ = {isa = PBXFileReference; lastKnownFileType = archive.ar; name = libVisageVision.a; path = ../../../lib/libVisageVision.a; sourceTree = SOURCE_ROOT; };
		7FCE132C148F845600C5B776 /* VisageTrackerViewController.h */ = {isa = PBXFileReference; fileEncoding = 4; lastKnownFileType = sourcecode.c.h; path = VisageTrackerViewController.h; sourceTree = "<group>"; };
		7FCE132D148F845600C5B776 /* VisageTrackerViewController.m */ = {isa = PBXFileReference; fileEncoding = 4; lastKnownFileType = sourcecode.c.objc; path = VisageTrackerViewController.m; sourceTree = "<group>"; };
		7FD924C7149F3E8000B52A45 /* CustomGLView.m */ = {isa = PBXFileReference; fileEncoding = 4; lastKnownFileType = sourcecode.c.objc; path = CustomGLView.m; sourceTree = "<group>"; };
		7FD924CA149F3E9300B52A45 /* CustomGLView.h */ = {isa = PBXFileReference; fileEncoding = 4; lastKnownFileType = sourcecode.c.h; path = CustomGLView.h; sourceTree = "<group>"; };
		8D1107310486CEB800E47090 /* VisageTrackerDemo-Info.plist */ = {isa = PBXFileReference; fileEncoding = 4; lastKnownFileType = text.plist.xml; path = "VisageTrackerDemo-Info.plist"; plistStructureDefinitionIdentifier = "com.apple.xcode.plist.structure-definition.iphone.info-plist"; sourceTree = "<group>"; };
/* End PBXFileReference section */

/* Begin PBXFrameworksBuildPhase section */
		1D60588F0D05DD3D006BFB54 /* Frameworks */ = {
			isa = PBXFrameworksBuildPhase;
			buildActionMask = 2147483647;
			files = (
				7F5BE46A15A2FEEA00A23D53 /* MobileCoreServices.framework in Frameworks */,
				7F80FFA4155298DC009FAF99 /* ImageIO.framework in Frameworks */,
				1D60589F0D05DD5A006BFB54 /* Foundation.framework in Frameworks */,
				1DF5F4E00D08C38300B7A737 /* UIKit.framework in Frameworks */,
				288765FD0DF74451002DB57D /* CoreGraphics.framework in Frameworks */,
				7F7F68331356F90A004CEF3D /* OpenGLES.framework in Frameworks */,
				7F7F6B6613570944004CEF3D /* AVFoundation.framework in Frameworks */,
				7F7F7B181358516F00481B4E /* CoreVideo.framework in Frameworks */,
				7F7F7B1E1358518300481B4E /* CoreMedia.framework in Frameworks */,
				7F7F7BA01358600E00481B4E /* QuartzCore.framework in Frameworks */,
				7F8664B7149F3B7C0074326B /* libz.dylib in Frameworks */,
				7FABECC814A1082F00E3420C /* libVisageCore.a in Frameworks */,
				7FABECC914A1082F00E3420C /* libVisageVision.a in Frameworks */,
			);
			runOnlyForDeploymentPostprocessing = 0;
		};
/* End PBXFrameworksBuildPhase section */

/* Begin PBXGroup section */
		080E96DDFE201D6D7F000001 /* Classes */ = {
			isa = PBXGroup;
			children = (
				7FAAC668163AACA600ACD5CD /* UIDeviceHardware.h */,
				7FAAC669163AACA600ACD5CD /* UIDeviceHardware.m */,
				7F839AF914BDCC85006AAD3C /* DemoFrameGrabber.h */,
				7F839AFA14BDCC85006AAD3C /* DemoFrameGrabber.mm */,
				7F95106A14BC959E0018BE21 /* DemoObserver.h */,
				7F95106B14BC959E0018BE21 /* DemoObserver.mm */,
				7F92D8EC14A0AC9200289759 /* TrackerWrapper.h */,
				7F92D8ED14A0AC9200289759 /* TrackerWrapper.mm */,
				7FD924C7149F3E8000B52A45 /* CustomGLView.m */,
				7FD924CA149F3E9300B52A45 /* CustomGLView.h */,
				1D3623240D0F684500981E51 /* VisageTrackerAppDelegate.h */,
				1D3623250D0F684500981E51 /* VisageTrackerAppDelegate.m */,
				7FCE132C148F845600C5B776 /* VisageTrackerViewController.h */,
				7FCE132D148F845600C5B776 /* VisageTrackerViewController.m */,
			);
			path = Classes;
			sourceTree = "<group>";
		};
		19C28FACFE9D520D11CA2CBB /* Products */ = {
			isa = PBXGroup;
			children = (
				1D6058910D05DD3D006BFB54 /* VisageTrackerDemo.app */,
			);
			name = Products;
			sourceTree = "<group>";
		};
		29B97314FDCFA39411CA2CEA /* CustomTemplate */ = {
			isa = PBXGroup;
			children = (
				7F92F72714BAE437004FAA57 /* VisageHeaders */,
				7F866352149F339E0074326B /* VisageLibs */,
				080E96DDFE201D6D7F000001 /* Classes */,
				29B97315FDCFA39411CA2CEA /* Other Sources */,
				29B97317FDCFA39411CA2CEA /* Resources */,
				7F9AEDE514A10525004E034C /* Resources-iPad */,
				29B97323FDCFA39411CA2CEA /* Frameworks */,
				19C28FACFE9D520D11CA2CBB /* Products */,
			);
			name = CustomTemplate;
			sourceTree = "<group>";
		};
		29B97315FDCFA39411CA2CEA /* Other Sources */ = {
			isa = PBXGroup;
			children = (
				7F866371149F34840074326B /* VisageTrackerDemo_Prefix.pch */,
				29B97316FDCFA39411CA2CEA /* main.m */,
			);
			name = "Other Sources";
			sourceTree = "<group>";
		};
		29B97317FDCFA39411CA2CEA /* Resources */ = {
			isa = PBXGroup;
			children = (
				5FB2A1741992519300375E62 /* Images.xcassets */,
				5FC0CBEC182BEF7200FAECDD /* HT - HighPerformance.cfg */,
				5FC0CBED182BEF7200FAECDD /* HT - LowPerformance.cfg */,
				5FC0CBEE182BEF7200FAECDD /* HT - MidPerformance.cfg */,
				5FC0CB57182B8EFD00FAECDD /* FFT - HighPerformance.cfg */,
				5FC0CB58182B8EFD00FAECDD /* FFT - LowPerformance.cfg */,
				5FC0CB59182B8EFD00FAECDD /* FFT - MidPerformance.cfg */,
				7F16723C165675420027CF82 /* face.png */,
				7F9FC0D915120A70008372CE /* jam1.mp4 */,
				7F4E06BA14A10CF10005A8B2 /* w_gr.jpg */,
				7F8664D9149F3CCA0074326B /* icon.png */,
				7F86634D149F33890074326B /* candide3.fdp */,
				7F86634E149F33890074326B /* candide3.wfm */,
				7FAAC676163AB6B300ACD5CD /* bdtsdata */,
				28AD733E0D9D9553002E5188 /* MainWindow.xib */,
				8D1107310486CEB800E47090 /* VisageTrackerDemo-Info.plist */,
			);
			name = Resources;
			sourceTree = "<group>";
		};
		29B97323FDCFA39411CA2CEA /* Frameworks */ = {
			isa = PBXGroup;
			children = (
				7F5BE46915A2FEEA00A23D53 /* MobileCoreServices.framework */,
				1DF5F4DF0D08C38300B7A737 /* UIKit.framework */,
				1D30AB110D05D00D00671497 /* Foundation.framework */,
				288765FC0DF74451002DB57D /* CoreGraphics.framework */,
				7F7F68321356F90A004CEF3D /* OpenGLES.framework */,
				7F7F6B6513570944004CEF3D /* AVFoundation.framework */,
				7F7F7B171358516F00481B4E /* CoreVideo.framework */,
				7F7F7B1D1358518300481B4E /* CoreMedia.framework */,
				7F7F7B9F1358600E00481B4E /* QuartzCore.framework */,
				7F8664B6149F3B7C0074326B /* libz.dylib */,
				7F80FFA3155298DC009FAF99 /* ImageIO.framework */,
			);
			name = Frameworks;
			sourceTree = "<group>";
		};
		7F866352149F339E0074326B /* VisageLibs */ = {
			isa = PBXGroup;
			children = (
				7FABECC614A1082F00E3420C /* libVisageCore.a */,
				7FABECC714A1082F00E3420C /* libVisageVision.a */,
			);
			name = VisageLibs;
			sourceTree = "<group>";
		};
		7F92F72714BAE437004FAA57 /* VisageHeaders */ = {
			isa = PBXGroup;
			children = (
				7F92F78214BAE4C6004FAA57 /* Utilities.h */,
				7F92F74514BAE499004FAA57 /* FBAPs.h */,
				7F92F74614BAE499004FAA57 /* FDP.h */,
				7F92F74914BAE499004FAA57 /* gluLookAt.h */,
				7F92F76914BAE499004FAA57 /* TrackerGUIInterface.h */,
				7F92F76B14BAE499004FAA57 /* TrackerOpenGLInterface.h */,
				7F92F77514BAE499004FAA57 /* VisageTracker2.h */,
				7F92F77614BAE499004FAA57 /* VisageTrackerFrameGrabber.h */,
				7F92F77714BAE499004FAA57 /* VisageTrackerObserver.h */,
				7F92F77814BAE499004FAA57 /* visageVision.h */,
			);
			name = VisageHeaders;
			sourceTree = "<group>";
		};
		7F9AEDE514A10525004E034C /* Resources-iPad */ = {
			isa = PBXGroup;
			children = (
				7F9AEDE614A10525004E034C /* MainWindow-iPad.xib */,
			);
			name = "Resources-iPad";
			sourceTree = "<group>";
		};
/* End PBXGroup section */

/* Begin PBXNativeTarget section */
		1D6058900D05DD3D006BFB54 /* VisageTrackerDemo */ = {
			isa = PBXNativeTarget;
			buildConfigurationList = 1D6058960D05DD3E006BFB54 /* Build configuration list for PBXNativeTarget "VisageTrackerDemo" */;
			buildPhases = (
				1D60588D0D05DD3D006BFB54 /* Resources */,
				1D60588E0D05DD3D006BFB54 /* Sources */,
				1D60588F0D05DD3D006BFB54 /* Frameworks */,
			);
			buildRules = (
			);
			dependencies = (
			);
			name = VisageTrackerDemo;
			productName = VisageTracker;
			productReference = 1D6058910D05DD3D006BFB54 /* VisageTrackerDemo.app */;
			productType = "com.apple.product-type.application";
		};
/* End PBXNativeTarget section */

/* Begin PBXProject section */
		29B97313FDCFA39411CA2CEA /* Project object */ = {
			isa = PBXProject;
			attributes = {
				LastUpgradeCheck = 0420;
				ORGANIZATIONNAME = fer.tel.hr;
			};
			buildConfigurationList = C01FCF4E08A954540054247B /* Build configuration list for PBXProject "VisageTrackerDemo" */;
			compatibilityVersion = "Xcode 3.2";
			developmentRegion = English;
			hasScannedForEncodings = 1;
			knownRegions = (
				English,
				Japanese,
				French,
				German,
			);
			mainGroup = 29B97314FDCFA39411CA2CEA /* CustomTemplate */;
			projectDirPath = "";
			projectRoot = ../../../;
			targets = (
				1D6058900D05DD3D006BFB54 /* VisageTrackerDemo */,
			);
		};
/* End PBXProject section */

/* Begin PBXResourcesBuildPhase section */
		1D60588D0D05DD3D006BFB54 /* Resources */ = {
			isa = PBXResourcesBuildPhase;
			buildActionMask = 2147483647;
			files = (
				28AD733F0D9D9553002E5188 /* MainWindow.xib in Resources */,
				5FB2A1751992519300375E62 /* Images.xcassets in Resources */,
				7F866350149F33890074326B /* candide3.fdp in Resources */,
				7F866351149F33890074326B /* candide3.wfm in Resources */,
				5FC0CB5A182B8EFD00FAECDD /* FFT - HighPerformance.cfg in Resources */,
				7F8664DA149F3CCA0074326B /* icon.png in Resources */,
				7F9AEDE714A10525004E034C /* MainWindow-iPad.xib in Resources */,
				7F4E06BB14A10CF10005A8B2 /* w_gr.jpg in Resources */,
				7F9FC0DA15120A70008372CE /* jam1.mp4 in Resources */,
				7FAAC677163AB6B300ACD5CD /* bdtsdata in Resources */,
				5FC0CBEF182BEF7200FAECDD /* HT - HighPerformance.cfg in Resources */,
				5FC0CB5B182B8EFD00FAECDD /* FFT - LowPerformance.cfg in Resources */,
				5FC0CBF0182BEF7200FAECDD /* HT - LowPerformance.cfg in Resources */,
				5FC0CB5C182B8EFD00FAECDD /* FFT - MidPerformance.cfg in Resources */,
				5FC0CBF1182BEF7200FAECDD /* HT - MidPerformance.cfg in Resources */,
				7F16723D165675420027CF82 /* face.png in Resources */,
			);
			runOnlyForDeploymentPostprocessing = 0;
		};
/* End PBXResourcesBuildPhase section */

/* Begin PBXSourcesBuildPhase section */
		1D60588E0D05DD3D006BFB54 /* Sources */ = {
			isa = PBXSourcesBuildPhase;
			buildActionMask = 2147483647;
			files = (
				1D60589B0D05DD56006BFB54 /* main.m in Sources */,
				1D3623260D0F684500981E51 /* VisageTrackerAppDelegate.m in Sources */,
				7FCE132E148F845600C5B776 /* VisageTrackerViewController.m in Sources */,
				7FD924C8149F3E8000B52A45 /* CustomGLView.m in Sources */,
				7F92D8EE14A0AC9200289759 /* TrackerWrapper.mm in Sources */,
				7F95106C14BC959E0018BE21 /* DemoObserver.mm in Sources */,
				7F839AFB14BDCC85006AAD3C /* DemoFrameGrabber.mm in Sources */,
				7FAAC66A163AACA600ACD5CD /* UIDeviceHardware.m in Sources */,
			);
			runOnlyForDeploymentPostprocessing = 0;
		};
/* End PBXSourcesBuildPhase section */

/* Begin XCBuildConfiguration section */
		1D6058940D05DD3E006BFB54 /* Debug */ = {
			isa = XCBuildConfiguration;
			buildSettings = {
				ALWAYS_SEARCH_USER_PATHS = NO;
				ARCHS = "$(ARCHS_STANDARD_32_BIT)";
				ASSETCATALOG_COMPILER_APPICON_NAME = AppIcon;
				ASSETCATALOG_COMPILER_LAUNCHIMAGE_NAME = LaunchImage;
				CLANG_CXX_LANGUAGE_STANDARD = "gnu++0x";
				CLANG_CXX_LIBRARY = "libc++";
				COPY_PHASE_STRIP = NO;
				GCC_DYNAMIC_NO_PIC = NO;
				GCC_OPTIMIZATION_LEVEL = 0;
				GCC_PRECOMPILE_PREFIX_HEADER = YES;
				GCC_PREFIX_HEADER = VisageTrackerDemo_Prefix.pch;
				GCC_PREPROCESSOR_DEFINITIONS = (
					VISAGE_STATIC,
					IOS,
				);
				GCC_VERSION = "";
				HEADER_SEARCH_PATHS = (
					/usr/include/libxml2,
					"\"$(SRCROOT)/../../../include\"",
					"\"$(SRCROOT)/../../../include/libIOS\"",
					"\"$(SRCROOT)/../../../dependencies/OpenCV-iOS/include\"",
					"\"$(SRCROOT)/../../../dependencies/OpenCV-iOS/include/opencv\"",
				);
				INFOPLIST_FILE = "VisageTrackerDemo-Info.plist";
				IPHONEOS_DEPLOYMENT_TARGET = 5.0;
				LIBRARY_SEARCH_PATHS = (
					"$(inherited)",
					"\"$(SRCROOT)/../../../lib\"",
					"\"$(SRCROOT)/../../../dependencies/OpenCV-iOS/lib\"",
					"\"$(SDKROOT)/usr/lib/gcc/arm-apple-darwin10/4.0.1\"",
					"\"$(SRCROOT)/../../../source/libLicenseManager\"",
				);
				ONLY_ACTIVE_ARCH = NO;
				PRODUCT_NAME = VisageTrackerDemo;
				SDKROOT = iphoneos;
				TARGETED_DEVICE_FAMILY = "1,2";
				VALID_ARCHS = "arm64 armv7 armv7s";
				WARNING_CFLAGS = "-Wno-comment";
			};
			name = Debug;
		};
		1D6058950D05DD3E006BFB54 /* Release */ = {
			isa = XCBuildConfiguration;
			buildSettings = {
				ALWAYS_SEARCH_USER_PATHS = NO;
				ARCHS = "$(ARCHS_STANDARD_32_BIT)";
				ASSETCATALOG_COMPILER_APPICON_NAME = AppIcon;
				ASSETCATALOG_COMPILER_LAUNCHIMAGE_NAME = LaunchImage;
				CLANG_CXX_LANGUAGE_STANDARD = "gnu++0x";
				CLANG_CXX_LIBRARY = "libc++";
				"CODE_SIGN_IDENTITY[sdk=iphoneos*]" = "iPhone Developer";
				COPY_PHASE_STRIP = NO;
				GCC_OPTIMIZATION_LEVEL = s;
				GCC_PRECOMPILE_PREFIX_HEADER = YES;
				GCC_PREFIX_HEADER = VisageTrackerDemo_Prefix.pch;
				GCC_PREPROCESSOR_DEFINITIONS = (
					VISAGE_STATIC,
					IOS,
				);
				GCC_THUMB_SUPPORT = YES;
				GCC_VERSION = "";
				HEADER_SEARCH_PATHS = (
					/usr/include/libxml2,
					"\"$(SRCROOT)/../../../include\"",
					"\"$(SRCROOT)/../../../include/libIOS\"",
					"\"$(SRCROOT)/../../../dependencies/OpenCV-iOS/include\"",
					"\"$(SRCROOT)/../../../dependencies/OpenCV-iOS/include/opencv\"",
				);
				INFOPLIST_FILE = "VisageTrackerDemo-Info.plist";
				IPHONEOS_DEPLOYMENT_TARGET = 5.0;
				LIBRARY_SEARCH_PATHS = (
					"$(inherited)",
					"\"$(SRCROOT)/../../../lib\"",
					"\"$(SRCROOT)/../../../dependencies/OpenCV-iOS/lib\"",
					"\"$(SDKROOT)/usr/lib/gcc/arm-apple-darwin10/4.0.1\"",
					"\"$(SRCROOT)/../../../source/libLicenseManager\"",
				);
				ONLY_ACTIVE_ARCH = NO;
				"OTHER_LDFLAGS[sdk=iphoneos*][arch=*]" = "";
				PRODUCT_NAME = VisageTrackerDemo;
				"PROVISIONING_PROFILE[sdk=iphoneos*]" = "";
				SDKROOT = iphoneos;
				STRIP_INSTALLED_PRODUCT = NO;
				TARGETED_DEVICE_FAMILY = "1,2";
				VALIDATE_PRODUCT = YES;
				VALID_ARCHS = "arm64 armv7 armv7s";
				WARNING_CFLAGS = "-Wno-comment";
			};
			name = Release;
		};
		C01FCF4F08A954540054247B /* Debug */ = {
			isa = XCBuildConfiguration;
			buildSettings = {
				ARCHS = "$(ARCHS_STANDARD_32_BIT)";
				"CODE_SIGN_IDENTITY[sdk=iphoneos*]" = "iPhone Developer";
				GCC_C_LANGUAGE_STANDARD = c99;
				GCC_PREPROCESSOR_DEFINITIONS = VISAGE_STATIC;
				GCC_WARN_ABOUT_RETURN_TYPE = YES;
				GCC_WARN_UNUSED_VARIABLE = YES;
				OTHER_CFLAGS = "";
				SDKROOT = iphoneos;
			};
			name = Debug;
		};
		C01FCF5008A954540054247B /* Release */ = {
			isa = XCBuildConfiguration;
			buildSettings = {
				ARCHS = "$(ARCHS_STANDARD_32_BIT)";
				"CODE_SIGN_IDENTITY[sdk=iphoneos*]" = "iPhone Developer";
				COPY_PHASE_STRIP = YES;
				GCC_AUTO_VECTORIZATION = YES;
				GCC_C_LANGUAGE_STANDARD = c99;
				GCC_PREPROCESSOR_DEFINITIONS = VISAGE_STATIC;
				GCC_UNROLL_LOOPS = NO;
				GCC_WARN_ABOUT_RETURN_TYPE = YES;
				GCC_WARN_UNUSED_VARIABLE = YES;
				OTHER_CFLAGS = "";
				"OTHER_LDFLAGS[sdk=iphoneos*][arch=*]" = "";
				"OTHER_LDFLAGS[sdk=iphonesimulator*][arch=*]" = "";
				"PROVISIONING_PROFILE[sdk=iphoneos*]" = "";
				SDKROOT = iphoneos;
				STRIP_INSTALLED_PRODUCT = YES;
			};
			name = Release;
		};
/* End XCBuildConfiguration section */

/* Begin XCConfigurationList section */
		1D6058960D05DD3E006BFB54 /* Build configuration list for PBXNativeTarget "VisageTrackerDemo" */ = {
			isa = XCConfigurationList;
			buildConfigurations = (
				1D6058940D05DD3E006BFB54 /* Debug */,
				1D6058950D05DD3E006BFB54 /* Release */,
			);
			defaultConfigurationIsVisible = 0;
			defaultConfigurationName = Release;
		};
		C01FCF4E08A954540054247B /* Build configuration list for PBXProject "VisageTrackerDemo" */ = {
			isa = XCConfigurationList;
			buildConfigurations = (
				C01FCF4F08A954540054247B /* Debug */,
				C01FCF5008A954540054247B /* Release */,
			);
			defaultConfigurationIsVisible = 0;
			defaultConfigurationName = Release;
		};
/* End XCConfigurationList section */
	};
	rootObject = 29B97313FDCFA39411CA2CEA /* Project object */;
}
