// !$*UTF8*$!
{
	archiveVersion = 1;
	classes = {
	};
	objectVersion = 46;
	objects = {

/* Begin PBXBuildFile section */
		0F8392F519E09C96008BD7EE /* gamma.smil in Resources */ = {isa = PBXBuildFile; fileRef = 0F8392F419E09C96008BD7EE /* gamma.smil */; };
		CE08071419DAC00000D44B50 /* TCCalibrationPoint.m in Sources */ = {isa = PBXBuildFile; fileRef = CE08071319DAC00000D44B50 /* TCCalibrationPoint.m */; };
		CE1855FC19AA3BD600B552EE /* Foundation.framework in Frameworks */ = {isa = PBXBuildFile; fileRef = CE1855FB19AA3BD600B552EE /* Foundation.framework */; };
		CE1855FE19AA3BD600B552EE /* CoreGraphics.framework in Frameworks */ = {isa = PBXBuildFile; fileRef = CE1855FD19AA3BD600B552EE /* CoreGraphics.framework */; };
		CE18560019AA3BD600B552EE /* UIKit.framework in Frameworks */ = {isa = PBXBuildFile; fileRef = CE1855FF19AA3BD600B552EE /* UIKit.framework */; };
		CE18560619AA3BD600B552EE /* InfoPlist.strings in Resources */ = {isa = PBXBuildFile; fileRef = CE18560419AA3BD600B552EE /* InfoPlist.strings */; };
		CE18560819AA3BD600B552EE /* main.m in Sources */ = {isa = PBXBuildFile; fileRef = CE18560719AA3BD600B552EE /* main.m */; };
		CE18560C19AA3BD600B552EE /* AppDelegate.m in Sources */ = {isa = PBXBuildFile; fileRef = CE18560B19AA3BD600B552EE /* AppDelegate.m */; };
		CE18561519AA3BD600B552EE /* ViewController.m in Sources */ = {isa = PBXBuildFile; fileRef = CE18561419AA3BD600B552EE /* ViewController.m */; };
		CE18561719AA3BD600B552EE /* Images.xcassets in Resources */ = {isa = PBXBuildFile; fileRef = CE18561619AA3BD600B552EE /* Images.xcassets */; };
		CE18561E19AA3BD600B552EE /* XCTest.framework in Frameworks */ = {isa = PBXBuildFile; fileRef = CE18561D19AA3BD600B552EE /* XCTest.framework */; };
		CE18561F19AA3BD600B552EE /* Foundation.framework in Frameworks */ = {isa = PBXBuildFile; fileRef = CE1855FB19AA3BD600B552EE /* Foundation.framework */; };
		CE18562019AA3BD600B552EE /* UIKit.framework in Frameworks */ = {isa = PBXBuildFile; fileRef = CE1855FF19AA3BD600B552EE /* UIKit.framework */; };
		CE18562819AA3BD600B552EE /* InfoPlist.strings in Resources */ = {isa = PBXBuildFile; fileRef = CE18562619AA3BD600B552EE /* InfoPlist.strings */; };
		CE18562A19AA3BD600B552EE /* Telepathic_CinemaTests.m in Sources */ = {isa = PBXBuildFile; fileRef = CE18562919AA3BD600B552EE /* Telepathic_CinemaTests.m */; };
		CE18563419AA3C9400B552EE /* AVFoundation.framework in Frameworks */ = {isa = PBXBuildFile; fileRef = CE18563319AA3C9400B552EE /* AVFoundation.framework */; };
		CE18563619AA3C9C00B552EE /* CoreMedia.framework in Frameworks */ = {isa = PBXBuildFile; fileRef = CE18563519AA3C9C00B552EE /* CoreMedia.framework */; };
		CE18563819AA3CAA00B552EE /* CoreVideo.framework in Frameworks */ = {isa = PBXBuildFile; fileRef = CE18563719AA3CAA00B552EE /* CoreVideo.framework */; };
		CE18563A19AA3CBD00B552EE /* libz.dylib in Frameworks */ = {isa = PBXBuildFile; fileRef = CE18563919AA3CBD00B552EE /* libz.dylib */; };
		CE18563C19AA3CCA00B552EE /* ImageIO.framework in Frameworks */ = {isa = PBXBuildFile; fileRef = CE18563B19AA3CCA00B552EE /* ImageIO.framework */; };
		CE18563F19AA3CE700B552EE /* libVisageCore.a in Frameworks */ = {isa = PBXBuildFile; fileRef = CE18563D19AA3CE700B552EE /* libVisageCore.a */; };
		CE18564019AA3CE700B552EE /* libVisageVision.a in Frameworks */ = {isa = PBXBuildFile; fileRef = CE18563E19AA3CE700B552EE /* libVisageVision.a */; };
		CE18565019AA3E7400B552EE /* bdtsdata in Resources */ = {isa = PBXBuildFile; fileRef = CE18564219AA3E7400B552EE /* bdtsdata */; };
		CE18565119AA3E7400B552EE /* candide.wfm in Resources */ = {isa = PBXBuildFile; fileRef = CE18564319AA3E7400B552EE /* candide.wfm */; };
		CE18565219AA3E7400B552EE /* candide3-ClosedMouth.wfm in Resources */ = {isa = PBXBuildFile; fileRef = CE18564419AA3E7400B552EE /* candide3-ClosedMouth.wfm */; };
		CE18565319AA3E7400B552EE /* candide3-exp.wfm in Resources */ = {isa = PBXBuildFile; fileRef = CE18564519AA3E7400B552EE /* candide3-exp.wfm */; };
		CE18565419AA3E7400B552EE /* candide3.fdp in Resources */ = {isa = PBXBuildFile; fileRef = CE18564619AA3E7400B552EE /* candide3.fdp */; };
		CE18565519AA3E7400B552EE /* candide3.wfm in Resources */ = {isa = PBXBuildFile; fileRef = CE18564719AA3E7400B552EE /* candide3.wfm */; };
		CE18565619AA3E7400B552EE /* Face Detector.cfg in Resources */ = {isa = PBXBuildFile; fileRef = CE18564819AA3E7400B552EE /* Face Detector.cfg */; };
		CE18565819AA3E7400B552EE /* FFT - HighPerformance.cfg in Resources */ = {isa = PBXBuildFile; fileRef = CE18564A19AA3E7400B552EE /* FFT - HighPerformance.cfg */; };
		CE18565919AA3E7400B552EE /* FFT - LowPerformance.cfg in Resources */ = {isa = PBXBuildFile; fileRef = CE18564B19AA3E7400B552EE /* FFT - LowPerformance.cfg */; };
		CE18565A19AA3E7400B552EE /* FFT - MidPerformance.cfg in Resources */ = {isa = PBXBuildFile; fileRef = CE18564C19AA3E7400B552EE /* FFT - MidPerformance.cfg */; };
		CE18565B19AA3E7400B552EE /* HT - HighPerformance.cfg in Resources */ = {isa = PBXBuildFile; fileRef = CE18564D19AA3E7400B552EE /* HT - HighPerformance.cfg */; };
		CE18565C19AA3E7400B552EE /* HT - LowPerformance.cfg in Resources */ = {isa = PBXBuildFile; fileRef = CE18564E19AA3E7400B552EE /* HT - LowPerformance.cfg */; };
		CE18565D19AA3E7400B552EE /* HT - MidPerformance.cfg in Resources */ = {isa = PBXBuildFile; fileRef = CE18564F19AA3E7400B552EE /* HT - MidPerformance.cfg */; };
		CE18567019AAB26C00B552EE /* libVisageCore.a in Frameworks */ = {isa = PBXBuildFile; fileRef = CE18566E19AAB26C00B552EE /* libVisageCore.a */; };
		CE18567119AAB26C00B552EE /* libVisageVision.a in Frameworks */ = {isa = PBXBuildFile; fileRef = CE18566F19AAB26C00B552EE /* libVisageVision.a */; };
		CE18567D19AAB69500B552EE /* UIDeviceHardware.m in Sources */ = {isa = PBXBuildFile; fileRef = CE18567419AAB69500B552EE /* UIDeviceHardware.m */; };
		CE18567F19AAB69500B552EE /* DemoObserver.mm in Sources */ = {isa = PBXBuildFile; fileRef = CE18567819AAB69500B552EE /* DemoObserver.mm */; };
		CE18568019AAB69500B552EE /* TrackerWrapper.mm in Sources */ = {isa = PBXBuildFile; fileRef = CE18567A19AAB69500B552EE /* TrackerWrapper.mm */; };
		CE18568119AAB69500B552EE /* CustomGLView.m in Sources */ = {isa = PBXBuildFile; fileRef = CE18567B19AAB69500B552EE /* CustomGLView.m */; };
		CE1BDF9D19BB8BB70033A237 /* TCScene.m in Sources */ = {isa = PBXBuildFile; fileRef = CE1BDF9C19BB8BB70033A237 /* TCScene.m */; };
		CE1BDFA019BB95190033A237 /* TCRegion.m in Sources */ = {isa = PBXBuildFile; fileRef = CE1BDF9F19BB95190033A237 /* TCRegion.m */; };
		CE1BDFA319BBBDA00033A237 /* TCGaze.m in Sources */ = {isa = PBXBuildFile; fileRef = CE1BDFA219BBBDA00033A237 /* TCGaze.m */; };
		CE3CA6791A5B7A96008610BF /* HistoricalGazeDataPoint.m in Sources */ = {isa = PBXBuildFile; fileRef = CE3CA6781A5B7A96008610BF /* HistoricalGazeDataPoint.m */; };
		CE4071151A66E91E002AC614 /* 9ptcalibration.smil in Resources */ = {isa = PBXBuildFile; fileRef = CE4071141A66E91E002AC614 /* 9ptcalibration.smil */; };
		CE4071171A66EA4C002AC614 /* 9ptCalibration.mov in Resources */ = {isa = PBXBuildFile; fileRef = CE4071161A66EA4C002AC614 /* 9ptCalibration.mov */; };
		CE44A0251A1C53F600667AEB /* IntroViewController.m in Sources */ = {isa = PBXBuildFile; fileRef = CE44A0241A1C53F600667AEB /* IntroViewController.m */; };
		CE45A3CD1A572677006F39CC /* 08CalibrationLostFace.png in Resources */ = {isa = PBXBuildFile; fileRef = CE45A3CC1A572677006F39CC /* 08CalibrationLostFace.png */; };
		CE59F2B21A64E63C007B93AC /* 5ptcalibration.smil in Resources */ = {isa = PBXBuildFile; fileRef = CE59F2B01A64E63C007B93AC /* 5ptcalibration.smil */; };
		CE59F2B41A64EBD4007B93AC /* 5PtCalibration.mov in Resources */ = {isa = PBXBuildFile; fileRef = CE59F2B31A64EBD4007B93AC /* 5PtCalibration.mov */; };
		CE59F2B61A64F06B007B93AC /* 7ptcalibration.smil in Resources */ = {isa = PBXBuildFile; fileRef = CE59F2B51A64F06B007B93AC /* 7ptcalibration.smil */; };
		CE59F2B81A64F0A0007B93AC /* 7PtCalibration.mov in Resources */ = {isa = PBXBuildFile; fileRef = CE59F2B71A64F0A0007B93AC /* 7PtCalibration.mov */; };
		CE5F2C3D19C91BEA00380BE9 /* 1.smil in Resources */ = {isa = PBXBuildFile; fileRef = CE5F2C3C19C91BEA00380BE9 /* 1.smil */; };
		CE5F2C3F19C91D1900380BE9 /* 2.smil in Resources */ = {isa = PBXBuildFile; fileRef = CE5F2C3E19C91D1900380BE9 /* 2.smil */; };
		CE5F2C4119C91D2F00380BE9 /* 3.smil in Resources */ = {isa = PBXBuildFile; fileRef = CE5F2C4019C91D2F00380BE9 /* 3.smil */; };
		CE5F2C6F19C9247B00380BE9 /* DDXMLElementAdditions.m in Sources */ = {isa = PBXBuildFile; fileRef = CE5F2C6219C9247B00380BE9 /* DDXMLElementAdditions.m */; };
		CE5F2C7019C9247B00380BE9 /* NSString+DDXML.m in Sources */ = {isa = PBXBuildFile; fileRef = CE5F2C6519C9247B00380BE9 /* NSString+DDXML.m */; };
		CE5F2C7119C9247B00380BE9 /* DDXMLDocument.m in Sources */ = {isa = PBXBuildFile; fileRef = CE5F2C6819C9247B00380BE9 /* DDXMLDocument.m */; };
		CE5F2C7219C9247B00380BE9 /* DDXMLElement.m in Sources */ = {isa = PBXBuildFile; fileRef = CE5F2C6A19C9247B00380BE9 /* DDXMLElement.m */; };
		CE5F2C7319C9247B00380BE9 /* DDXMLNode.m in Sources */ = {isa = PBXBuildFile; fileRef = CE5F2C6C19C9247B00380BE9 /* DDXMLNode.m */; };
		CE7894E71A4F1BC900B42345 /* 09Finalize.png in Resources */ = {isa = PBXBuildFile; fileRef = CE7894E01A4F1BC900B42345 /* 09Finalize.png */; };
		CE7894E81A4F1BC900B42345 /* 05Success.png in Resources */ = {isa = PBXBuildFile; fileRef = CE7894E11A4F1BC900B42345 /* 05Success.png */; };
		CE7894E91A4F1BC900B42345 /* 04LostFace.png in Resources */ = {isa = PBXBuildFile; fileRef = CE7894E21A4F1BC900B42345 /* 04LostFace.png */; };
		CE7894EA1A4F1BC900B42345 /* 03FindFace.png in Resources */ = {isa = PBXBuildFile; fileRef = CE7894E31A4F1BC900B42345 /* 03FindFace.png */; };
		CE7894EB1A4F1BC900B42345 /* 01Load.png in Resources */ = {isa = PBXBuildFile; fileRef = CE7894E41A4F1BC900B42345 /* 01Load.png */; };
		CE7894EC1A4F1BC900B42345 /* 00Load.png in Resources */ = {isa = PBXBuildFile; fileRef = CE7894E51A4F1BC900B42345 /* 00Load.png */; };
		CE7894ED1A4F1BC900B42345 /* 02Home.png in Resources */ = {isa = PBXBuildFile; fileRef = CE7894E61A4F1BC900B42345 /* 02Home.png */; };
		CE7894F01A4F556900B42345 /* TCGazeDB.m in Sources */ = {isa = PBXBuildFile; fileRef = CE7894EF1A4F556900B42345 /* TCGazeDB.m */; };
		CE7BE0F319E0A01800D541F9 /* beta.mov in Resources */ = {isa = PBXBuildFile; fileRef = CE7BE0ED19E0A01800D541F9 /* beta.mov */; };
		CE7BE0F419E0A01800D541F9 /* gamma.mov in Resources */ = {isa = PBXBuildFile; fileRef = CE7BE0EE19E0A01800D541F9 /* gamma.mov */; };
		CE7BE0F519E0A01800D541F9 /* alpha.mov in Resources */ = {isa = PBXBuildFile; fileRef = CE7BE0EF19E0A01800D541F9 /* alpha.mov */; };
		CE7BE0F619E0A01800D541F9 /* 3.mov in Resources */ = {isa = PBXBuildFile; fileRef = CE7BE0F019E0A01800D541F9 /* 3.mov */; };
		CE7BE0F719E0A01800D541F9 /* 2.mov in Resources */ = {isa = PBXBuildFile; fileRef = CE7BE0F119E0A01800D541F9 /* 2.mov */; };
		CE7BE0F819E0A01800D541F9 /* 1.mov in Resources */ = {isa = PBXBuildFile; fileRef = CE7BE0F219E0A01800D541F9 /* 1.mov */; };
		CE96051E19E21C2A007B0594 /* Main_iPad.storyboard in Resources */ = {isa = PBXBuildFile; fileRef = CE18561019AA3BD600B552EE /* Main_iPad.storyboard */; };
		CE977CF31A65B2DC00CC527E /* NOLA_A.smil in Resources */ = {isa = PBXBuildFile; fileRef = CE977CE71A65B2DC00CC527E /* NOLA_A.smil */; };
		CE977CF41A65B2DC00CC527E /* NOLA_A0A.smil in Resources */ = {isa = PBXBuildFile; fileRef = CE977CE81A65B2DC00CC527E /* NOLA_A0A.smil */; };
		CE977CF51A65B2DC00CC527E /* NOLA_A0A1.smil in Resources */ = {isa = PBXBuildFile; fileRef = CE977CE91A65B2DC00CC527E /* NOLA_A0A1.smil */; };
		CE977CF61A65B2DC00CC527E /* NOLA_A0A1A.smil in Resources */ = {isa = PBXBuildFile; fileRef = CE977CEA1A65B2DC00CC527E /* NOLA_A0A1A.smil */; };
		CE977CF71A65B2DC00CC527E /* NOLA_A0A1B.smil in Resources */ = {isa = PBXBuildFile; fileRef = CE977CEB1A65B2DC00CC527E /* NOLA_A0A1B.smil */; };
		CE977CF81A65B2DC00CC527E /* NOLA_A0A2.smil in Resources */ = {isa = PBXBuildFile; fileRef = CE977CEC1A65B2DC00CC527E /* NOLA_A0A2.smil */; };
		CE977CF91A65B2DC00CC527E /* NOLA_A0A2A.smil in Resources */ = {isa = PBXBuildFile; fileRef = CE977CED1A65B2DC00CC527E /* NOLA_A0A2A.smil */; };
		CE977CFA1A65B2DC00CC527E /* NOLA_A0A2B.smil in Resources */ = {isa = PBXBuildFile; fileRef = CE977CEE1A65B2DC00CC527E /* NOLA_A0A2B.smil */; };
		CE977CFB1A65B2DC00CC527E /* NOLA_A0A2B1.smil in Resources */ = {isa = PBXBuildFile; fileRef = CE977CEF1A65B2DC00CC527E /* NOLA_A0A2B1.smil */; };
		CE977CFC1A65B2DC00CC527E /* NOLA_A0A2B2.smil in Resources */ = {isa = PBXBuildFile; fileRef = CE977CF01A65B2DC00CC527E /* NOLA_A0A2B2.smil */; };
		CE977CFD1A65B2DC00CC527E /* NOLA_A1.smil in Resources */ = {isa = PBXBuildFile; fileRef = CE977CF11A65B2DC00CC527E /* NOLA_A1.smil */; };
		CE977CFE1A65B2DC00CC527E /* NOLA_A2.smil in Resources */ = {isa = PBXBuildFile; fileRef = CE977CF21A65B2DC00CC527E /* NOLA_A2.smil */; };
		CE977D0C1A65B64A00CC527E /* NOLA_A.mov in Resources */ = {isa = PBXBuildFile; fileRef = CE977D001A65B64A00CC527E /* NOLA_A.mov */; };
		CE977D0D1A65B64A00CC527E /* NOLA_A0A.mov in Resources */ = {isa = PBXBuildFile; fileRef = CE977D011A65B64A00CC527E /* NOLA_A0A.mov */; };
		CE977D0E1A65B64A00CC527E /* NOLA_A0A1.mov in Resources */ = {isa = PBXBuildFile; fileRef = CE977D021A65B64A00CC527E /* NOLA_A0A1.mov */; };
		CE977D0F1A65B64A00CC527E /* NOLA_A0A1A.mov in Resources */ = {isa = PBXBuildFile; fileRef = CE977D031A65B64A00CC527E /* NOLA_A0A1A.mov */; };
		CE977D101A65B64A00CC527E /* NOLA_A0A1B.mov in Resources */ = {isa = PBXBuildFile; fileRef = CE977D041A65B64A00CC527E /* NOLA_A0A1B.mov */; };
		CE977D111A65B64A00CC527E /* NOLA_A0A2.mov in Resources */ = {isa = PBXBuildFile; fileRef = CE977D051A65B64A00CC527E /* NOLA_A0A2.mov */; };
		CE977D121A65B64A00CC527E /* NOLA_A0A2A.mov in Resources */ = {isa = PBXBuildFile; fileRef = CE977D061A65B64A00CC527E /* NOLA_A0A2A.mov */; };
		CE977D131A65B64A00CC527E /* NOLA_A0A2B.mov in Resources */ = {isa = PBXBuildFile; fileRef = CE977D071A65B64A00CC527E /* NOLA_A0A2B.mov */; };
		CE977D141A65B64A00CC527E /* NOLA_A0A2B1.mov in Resources */ = {isa = PBXBuildFile; fileRef = CE977D081A65B64A00CC527E /* NOLA_A0A2B1.mov */; };
		CE977D151A65B64A00CC527E /* NOLA_A0A2B2.mov in Resources */ = {isa = PBXBuildFile; fileRef = CE977D091A65B64A00CC527E /* NOLA_A0A2B2.mov */; };
		CE977D161A65B64A00CC527E /* NOLA_A1.mov in Resources */ = {isa = PBXBuildFile; fileRef = CE977D0A1A65B64A00CC527E /* NOLA_A1.mov */; };
		CE977D171A65B64A00CC527E /* NOLA_A2.mov in Resources */ = {isa = PBXBuildFile; fileRef = CE977D0B1A65B64A00CC527E /* NOLA_A2.mov */; };
		CEA6F85919E05992006EA414 /* alpha.smil in Resources */ = {isa = PBXBuildFile; fileRef = CEA6F85719E05992006EA414 /* alpha.smil */; };
		CEA6F85A19E05992006EA414 /* beta.smil in Resources */ = {isa = PBXBuildFile; fileRef = CEA6F85819E05992006EA414 /* beta.smil */; };
		CEB5F2D919D669FB000CDF9E /* calibration.smil in Resources */ = {isa = PBXBuildFile; fileRef = CEB5F2D819D669FB000CDF9E /* calibration.smil */; };
		CEE4C04419D48456009B3523 /* 637-055-282-782-699-137-004-446-835-604-044.vlc in Resources */ = {isa = PBXBuildFile; fileRef = CEE4C04319D48456009B3523 /* 637-055-282-782-699-137-004-446-835-604-044.vlc */; };
		CEEC98EB19CFC32800CCF95F /* CoreText.framework in Frameworks */ = {isa = PBXBuildFile; fileRef = CEEC98EA19CFC32800CCF95F /* CoreText.framework */; };
		CEFBB63F19B9F2100056FC0C /* TelepathicCinema.m in Sources */ = {isa = PBXBuildFile; fileRef = CEFBB63E19B9F2100056FC0C /* TelepathicCinema.m */; };
/* End PBXBuildFile section */

/* Begin PBXContainerItemProxy section */
		CE18562119AA3BD600B552EE /* PBXContainerItemProxy */ = {
			isa = PBXContainerItemProxy;
			containerPortal = CE1855F019AA3BD600B552EE /* Project object */;
			proxyType = 1;
			remoteGlobalIDString = CE1855F719AA3BD600B552EE;
			remoteInfo = "Telepathic Cinema";
		};
/* End PBXContainerItemProxy section */

/* Begin PBXFileReference section */
		0F8392F419E09C96008BD7EE /* gamma.smil */ = {isa = PBXFileReference; fileEncoding = 4; lastKnownFileType = text; path = gamma.smil; sourceTree = "<group>"; };
		CE08071219DAC00000D44B50 /* TCCalibrationPoint.h */ = {isa = PBXFileReference; fileEncoding = 4; lastKnownFileType = sourcecode.c.h; path = TCCalibrationPoint.h; sourceTree = "<group>"; };
		CE08071319DAC00000D44B50 /* TCCalibrationPoint.m */ = {isa = PBXFileReference; fileEncoding = 4; lastKnownFileType = sourcecode.c.objc; path = TCCalibrationPoint.m; sourceTree = "<group>"; };
		CE1855F819AA3BD600B552EE /* Telepathic Cinema.app */ = {isa = PBXFileReference; explicitFileType = wrapper.application; includeInIndex = 0; path = "Telepathic Cinema.app"; sourceTree = BUILT_PRODUCTS_DIR; };
		CE1855FB19AA3BD600B552EE /* Foundation.framework */ = {isa = PBXFileReference; lastKnownFileType = wrapper.framework; name = Foundation.framework; path = System/Library/Frameworks/Foundation.framework; sourceTree = SDKROOT; };
		CE1855FD19AA3BD600B552EE /* CoreGraphics.framework */ = {isa = PBXFileReference; lastKnownFileType = wrapper.framework; name = CoreGraphics.framework; path = System/Library/Frameworks/CoreGraphics.framework; sourceTree = SDKROOT; };
		CE1855FF19AA3BD600B552EE /* UIKit.framework */ = {isa = PBXFileReference; lastKnownFileType = wrapper.framework; name = UIKit.framework; path = System/Library/Frameworks/UIKit.framework; sourceTree = SDKROOT; };
		CE18560319AA3BD600B552EE /* Telepathic Cinema-Info.plist */ = {isa = PBXFileReference; lastKnownFileType = text.plist.xml; path = "Telepathic Cinema-Info.plist"; sourceTree = "<group>"; };
		CE18560519AA3BD600B552EE /* en */ = {isa = PBXFileReference; lastKnownFileType = text.plist.strings; name = en; path = en.lproj/InfoPlist.strings; sourceTree = "<group>"; };
		CE18560719AA3BD600B552EE /* main.m */ = {isa = PBXFileReference; lastKnownFileType = sourcecode.c.objc; path = main.m; sourceTree = "<group>"; };
		CE18560919AA3BD600B552EE /* Telepathic Cinema-Prefix.pch */ = {isa = PBXFileReference; lastKnownFileType = sourcecode.c.h; path = "Telepathic Cinema-Prefix.pch"; sourceTree = "<group>"; };
		CE18560A19AA3BD600B552EE /* AppDelegate.h */ = {isa = PBXFileReference; lastKnownFileType = sourcecode.c.h; path = AppDelegate.h; sourceTree = "<group>"; };
		CE18560B19AA3BD600B552EE /* AppDelegate.m */ = {isa = PBXFileReference; lastKnownFileType = sourcecode.c.objc; path = AppDelegate.m; sourceTree = "<group>"; };
		CE18560E19AA3BD600B552EE /* Base */ = {isa = PBXFileReference; lastKnownFileType = file.storyboard; name = Base; path = Base.lproj/Main_iPhone.storyboard; sourceTree = "<group>"; };
		CE18561119AA3BD600B552EE /* Base */ = {isa = PBXFileReference; lastKnownFileType = file.storyboard; name = Base; path = Base.lproj/Main_iPad.storyboard; sourceTree = "<group>"; };
		CE18561319AA3BD600B552EE /* ViewController.h */ = {isa = PBXFileReference; lastKnownFileType = sourcecode.c.h; path = ViewController.h; sourceTree = "<group>"; };
		CE18561419AA3BD600B552EE /* ViewController.m */ = {isa = PBXFileReference; lastKnownFileType = sourcecode.c.objc; path = ViewController.m; sourceTree = "<group>"; };
		CE18561619AA3BD600B552EE /* Images.xcassets */ = {isa = PBXFileReference; lastKnownFileType = folder.assetcatalog; path = Images.xcassets; sourceTree = "<group>"; };
		CE18561C19AA3BD600B552EE /* Telepathic CinemaTests.xctest */ = {isa = PBXFileReference; explicitFileType = wrapper.cfbundle; includeInIndex = 0; path = "Telepathic CinemaTests.xctest"; sourceTree = BUILT_PRODUCTS_DIR; };
		CE18561D19AA3BD600B552EE /* XCTest.framework */ = {isa = PBXFileReference; lastKnownFileType = wrapper.framework; name = XCTest.framework; path = Library/Frameworks/XCTest.framework; sourceTree = DEVELOPER_DIR; };
		CE18562519AA3BD600B552EE /* Telepathic CinemaTests-Info.plist */ = {isa = PBXFileReference; lastKnownFileType = text.plist.xml; path = "Telepathic CinemaTests-Info.plist"; sourceTree = "<group>"; };
		CE18562719AA3BD600B552EE /* en */ = {isa = PBXFileReference; lastKnownFileType = text.plist.strings; name = en; path = en.lproj/InfoPlist.strings; sourceTree = "<group>"; };
		CE18562919AA3BD600B552EE /* Telepathic_CinemaTests.m */ = {isa = PBXFileReference; lastKnownFileType = sourcecode.c.objc; path = Telepathic_CinemaTests.m; sourceTree = "<group>"; };
		CE18563319AA3C9400B552EE /* AVFoundation.framework */ = {isa = PBXFileReference; lastKnownFileType = wrapper.framework; name = AVFoundation.framework; path = System/Library/Frameworks/AVFoundation.framework; sourceTree = SDKROOT; };
		CE18563519AA3C9C00B552EE /* CoreMedia.framework */ = {isa = PBXFileReference; lastKnownFileType = wrapper.framework; name = CoreMedia.framework; path = System/Library/Frameworks/CoreMedia.framework; sourceTree = SDKROOT; };
		CE18563719AA3CAA00B552EE /* CoreVideo.framework */ = {isa = PBXFileReference; lastKnownFileType = wrapper.framework; name = CoreVideo.framework; path = System/Library/Frameworks/CoreVideo.framework; sourceTree = SDKROOT; };
		CE18563919AA3CBD00B552EE /* libz.dylib */ = {isa = PBXFileReference; lastKnownFileType = "compiled.mach-o.dylib"; name = libz.dylib; path = usr/lib/libz.dylib; sourceTree = SDKROOT; };
		CE18563B19AA3CCA00B552EE /* ImageIO.framework */ = {isa = PBXFileReference; lastKnownFileType = wrapper.framework; name = ImageIO.framework; path = System/Library/Frameworks/ImageIO.framework; sourceTree = SDKROOT; };
		CE18563D19AA3CE700B552EE /* libVisageCore.a */ = {isa = PBXFileReference; lastKnownFileType = archive.ar; name = libVisageCore.a; path = "visageSDK-iOS/lib/libVisageCore.a"; sourceTree = "<group>"; };
		CE18563E19AA3CE700B552EE /* libVisageVision.a */ = {isa = PBXFileReference; lastKnownFileType = archive.ar; name = libVisageVision.a; path = "visageSDK-iOS/lib/libVisageVision.a"; sourceTree = "<group>"; };
		CE18564219AA3E7400B552EE /* bdtsdata */ = {isa = PBXFileReference; lastKnownFileType = folder; name = bdtsdata; path = "visageSDK-iOS/Samples/iOS/data/bdtsdata"; sourceTree = "<group>"; };
		CE18564319AA3E7400B552EE /* candide.wfm */ = {isa = PBXFileReference; fileEncoding = 4; lastKnownFileType = text; name = candide.wfm; path = "visageSDK-iOS/Samples/iOS/data/candide.wfm"; sourceTree = "<group>"; };
		CE18564419AA3E7400B552EE /* candide3-ClosedMouth.wfm */ = {isa = PBXFileReference; fileEncoding = 4; lastKnownFileType = text; name = "candide3-ClosedMouth.wfm"; path = "visageSDK-iOS/Samples/iOS/data/candide3-ClosedMouth.wfm"; sourceTree = "<group>"; };
		CE18564519AA3E7400B552EE /* candide3-exp.wfm */ = {isa = PBXFileReference; fileEncoding = 4; lastKnownFileType = text; name = "candide3-exp.wfm"; path = "visageSDK-iOS/Samples/iOS/data/candide3-exp.wfm"; sourceTree = "<group>"; };
		CE18564619AA3E7400B552EE /* candide3.fdp */ = {isa = PBXFileReference; fileEncoding = 4; lastKnownFileType = text; name = candide3.fdp; path = "visageSDK-iOS/Samples/iOS/data/candide3.fdp"; sourceTree = "<group>"; };
		CE18564719AA3E7400B552EE /* candide3.wfm */ = {isa = PBXFileReference; fileEncoding = 4; lastKnownFileType = text; name = candide3.wfm; path = "visageSDK-iOS/Samples/iOS/data/candide3.wfm"; sourceTree = "<group>"; };
		CE18564819AA3E7400B552EE /* Face Detector.cfg */ = {isa = PBXFileReference; fileEncoding = 4; lastKnownFileType = text; name = "Face Detector.cfg"; path = "visageSDK-iOS/Samples/iOS/data/Face Detector.cfg"; sourceTree = "<group>"; };
		CE18564A19AA3E7400B552EE /* FFT - HighPerformance.cfg */ = {isa = PBXFileReference; fileEncoding = 4; lastKnownFileType = text; name = "FFT - HighPerformance.cfg"; path = "visageSDK-iOS/Samples/iOS/data/FFT - HighPerformance.cfg"; sourceTree = "<group>"; };
		CE18564B19AA3E7400B552EE /* FFT - LowPerformance.cfg */ = {isa = PBXFileReference; fileEncoding = 4; lastKnownFileType = text; name = "FFT - LowPerformance.cfg"; path = "visageSDK-iOS/Samples/iOS/data/FFT - LowPerformance.cfg"; sourceTree = "<group>"; };
		CE18564C19AA3E7400B552EE /* FFT - MidPerformance.cfg */ = {isa = PBXFileReference; fileEncoding = 4; lastKnownFileType = text; name = "FFT - MidPerformance.cfg"; path = "visageSDK-iOS/Samples/iOS/data/FFT - MidPerformance.cfg"; sourceTree = "<group>"; };
		CE18564D19AA3E7400B552EE /* HT - HighPerformance.cfg */ = {isa = PBXFileReference; fileEncoding = 4; lastKnownFileType = text; name = "HT - HighPerformance.cfg"; path = "visageSDK-iOS/Samples/iOS/data/HT - HighPerformance.cfg"; sourceTree = "<group>"; };
		CE18564E19AA3E7400B552EE /* HT - LowPerformance.cfg */ = {isa = PBXFileReference; fileEncoding = 4; lastKnownFileType = text; name = "HT - LowPerformance.cfg"; path = "visageSDK-iOS/Samples/iOS/data/HT - LowPerformance.cfg"; sourceTree = "<group>"; };
		CE18564F19AA3E7400B552EE /* HT - MidPerformance.cfg */ = {isa = PBXFileReference; fileEncoding = 4; lastKnownFileType = text; name = "HT - MidPerformance.cfg"; path = "visageSDK-iOS/Samples/iOS/data/HT - MidPerformance.cfg"; sourceTree = "<group>"; };
		CE18566819AAB0B300B552EE /* FBAPs.h */ = {isa = PBXFileReference; lastKnownFileType = sourcecode.c.h; path = FBAPs.h; sourceTree = "<group>"; };
		CE18566919AAB0B300B552EE /* FDP.h */ = {isa = PBXFileReference; lastKnownFileType = sourcecode.c.h; path = FDP.h; sourceTree = "<group>"; };
		CE18566A19AAB0B300B552EE /* gluLookAt.h */ = {isa = PBXFileReference; lastKnownFileType = sourcecode.c.h; path = gluLookAt.h; sourceTree = "<group>"; };
		CE18566B19AAB0B300B552EE /* VisageTracker2.h */ = {isa = PBXFileReference; lastKnownFileType = sourcecode.c.h; path = VisageTracker2.h; sourceTree = "<group>"; };
		CE18566C19AAB0B300B552EE /* visageVision.h */ = {isa = PBXFileReference; lastKnownFileType = sourcecode.c.h; path = visageVision.h; sourceTree = "<group>"; };
		CE18566E19AAB26C00B552EE /* libVisageCore.a */ = {isa = PBXFileReference; lastKnownFileType = archive.ar; path = libVisageCore.a; sourceTree = "<group>"; };
		CE18566F19AAB26C00B552EE /* libVisageVision.a */ = {isa = PBXFileReference; lastKnownFileType = archive.ar; path = libVisageVision.a; sourceTree = "<group>"; };
		CE18567319AAB69500B552EE /* UIDeviceHardware.h */ = {isa = PBXFileReference; fileEncoding = 4; lastKnownFileType = sourcecode.c.h; path = UIDeviceHardware.h; sourceTree = "<group>"; };
		CE18567419AAB69500B552EE /* UIDeviceHardware.m */ = {isa = PBXFileReference; fileEncoding = 4; lastKnownFileType = sourcecode.c.objc; path = UIDeviceHardware.m; sourceTree = "<group>"; };
		CE18567719AAB69500B552EE /* DemoObserver.h */ = {isa = PBXFileReference; fileEncoding = 4; lastKnownFileType = sourcecode.c.h; path = DemoObserver.h; sourceTree = "<group>"; };
		CE18567819AAB69500B552EE /* DemoObserver.mm */ = {isa = PBXFileReference; fileEncoding = 4; lastKnownFileType = sourcecode.cpp.objcpp; path = DemoObserver.mm; sourceTree = "<group>"; };
		CE18567919AAB69500B552EE /* TrackerWrapper.h */ = {isa = PBXFileReference; fileEncoding = 4; lastKnownFileType = sourcecode.c.h; path = TrackerWrapper.h; sourceTree = "<group>"; };
		CE18567A19AAB69500B552EE /* TrackerWrapper.mm */ = {isa = PBXFileReference; fileEncoding = 4; lastKnownFileType = sourcecode.cpp.objcpp; path = TrackerWrapper.mm; sourceTree = "<group>"; };
		CE18567B19AAB69500B552EE /* CustomGLView.m */ = {isa = PBXFileReference; fileEncoding = 4; lastKnownFileType = sourcecode.c.objc; path = CustomGLView.m; sourceTree = "<group>"; };
		CE18567C19AAB69500B552EE /* CustomGLView.h */ = {isa = PBXFileReference; fileEncoding = 4; lastKnownFileType = sourcecode.c.h; path = CustomGLView.h; sourceTree = "<group>"; };
		CE1BDF9B19BB8BB70033A237 /* TCScene.h */ = {isa = PBXFileReference; fileEncoding = 4; lastKnownFileType = sourcecode.c.h; path = TCScene.h; sourceTree = "<group>"; };
		CE1BDF9C19BB8BB70033A237 /* TCScene.m */ = {isa = PBXFileReference; fileEncoding = 4; lastKnownFileType = sourcecode.c.objc; path = TCScene.m; sourceTree = "<group>"; };
		CE1BDF9E19BB95190033A237 /* TCRegion.h */ = {isa = PBXFileReference; fileEncoding = 4; lastKnownFileType = sourcecode.c.h; path = TCRegion.h; sourceTree = "<group>"; };
		CE1BDF9F19BB95190033A237 /* TCRegion.m */ = {isa = PBXFileReference; fileEncoding = 4; lastKnownFileType = sourcecode.c.objc; path = TCRegion.m; sourceTree = "<group>"; };
		CE1BDFA119BBBDA00033A237 /* TCGaze.h */ = {isa = PBXFileReference; fileEncoding = 4; lastKnownFileType = sourcecode.c.h; path = TCGaze.h; sourceTree = "<group>"; };
		CE1BDFA219BBBDA00033A237 /* TCGaze.m */ = {isa = PBXFileReference; fileEncoding = 4; lastKnownFileType = sourcecode.c.objc; path = TCGaze.m; sourceTree = "<group>"; };
		CE3CA6771A5B7A96008610BF /* HistoricalGazeDataPoint.h */ = {isa = PBXFileReference; fileEncoding = 4; lastKnownFileType = sourcecode.c.h; path = HistoricalGazeDataPoint.h; sourceTree = "<group>"; };
		CE3CA6781A5B7A96008610BF /* HistoricalGazeDataPoint.m */ = {isa = PBXFileReference; fileEncoding = 4; lastKnownFileType = sourcecode.c.objc; path = HistoricalGazeDataPoint.m; sourceTree = "<group>"; };
		CE4071141A66E91E002AC614 /* 9ptcalibration.smil */ = {isa = PBXFileReference; fileEncoding = 4; lastKnownFileType = text; path = 9ptcalibration.smil; sourceTree = "<group>"; };
		CE4071161A66EA4C002AC614 /* 9ptCalibration.mov */ = {isa = PBXFileReference; lastKnownFileType = video.quicktime; path = 9ptCalibration.mov; sourceTree = "<group>"; };
		CE44A0231A1C53F600667AEB /* IntroViewController.h */ = {isa = PBXFileReference; fileEncoding = 4; lastKnownFileType = sourcecode.c.h; path = IntroViewController.h; sourceTree = "<group>"; };
		CE44A0241A1C53F600667AEB /* IntroViewController.m */ = {isa = PBXFileReference; fileEncoding = 4; lastKnownFileType = sourcecode.c.objc; path = IntroViewController.m; sourceTree = "<group>"; };
		CE45A3CC1A572677006F39CC /* 08CalibrationLostFace.png */ = {isa = PBXFileReference; lastKnownFileType = image.png; path = 08CalibrationLostFace.png; sourceTree = "<group>"; };
		CE556D8019D5253800ED25FA /* TrackerGazeCalibrator.h */ = {isa = PBXFileReference; lastKnownFileType = sourcecode.c.h; path = TrackerGazeCalibrator.h; sourceTree = "<group>"; };
		CE556D8119D5255100ED25FA /* Estimator.h */ = {isa = PBXFileReference; lastKnownFileType = sourcecode.c.h; path = Estimator.h; sourceTree = "<group>"; };
		CE556D8219D5255100ED25FA /* Estimator6P.h */ = {isa = PBXFileReference; lastKnownFileType = sourcecode.c.h; path = Estimator6P.h; sourceTree = "<group>"; };
		CE556D8319D5255E00ED25FA /* VisageEstimator.h */ = {isa = PBXFileReference; lastKnownFileType = sourcecode.c.h; path = VisageEstimator.h; sourceTree = "<group>"; };
		CE556D8419D5257700ED25FA /* Weighter.h */ = {isa = PBXFileReference; lastKnownFileType = sourcecode.c.h; path = Weighter.h; sourceTree = "<group>"; };
		CE556D8519D5258200ED25FA /* MAFilter.h */ = {isa = PBXFileReference; lastKnownFileType = sourcecode.c.h; path = MAFilter.h; sourceTree = "<group>"; };
		CE556D8619D525B000ED25FA /* RANSACUtil.h */ = {isa = PBXFileReference; lastKnownFileType = sourcecode.c.h; path = RANSACUtil.h; sourceTree = "<group>"; };
		CE59F2B01A64E63C007B93AC /* 5ptcalibration.smil */ = {isa = PBXFileReference; fileEncoding = 4; lastKnownFileType = text; path = 5ptcalibration.smil; sourceTree = "<group>"; };
		CE59F2B31A64EBD4007B93AC /* 5PtCalibration.mov */ = {isa = PBXFileReference; lastKnownFileType = video.quicktime; path = 5PtCalibration.mov; sourceTree = "<group>"; };
		CE59F2B51A64F06B007B93AC /* 7ptcalibration.smil */ = {isa = PBXFileReference; fileEncoding = 4; lastKnownFileType = text; path = 7ptcalibration.smil; sourceTree = "<group>"; };
		CE59F2B71A64F0A0007B93AC /* 7PtCalibration.mov */ = {isa = PBXFileReference; lastKnownFileType = video.quicktime; path = 7PtCalibration.mov; sourceTree = "<group>"; };
		CE5F2C3C19C91BEA00380BE9 /* 1.smil */ = {isa = PBXFileReference; fileEncoding = 4; lastKnownFileType = text; path = 1.smil; sourceTree = "<group>"; };
		CE5F2C3E19C91D1900380BE9 /* 2.smil */ = {isa = PBXFileReference; fileEncoding = 4; lastKnownFileType = text; path = 2.smil; sourceTree = "<group>"; };
		CE5F2C4019C91D2F00380BE9 /* 3.smil */ = {isa = PBXFileReference; fileEncoding = 4; lastKnownFileType = text; path = 3.smil; sourceTree = "<group>"; };
		CE5F2C6119C9247B00380BE9 /* DDXMLElementAdditions.h */ = {isa = PBXFileReference; fileEncoding = 4; lastKnownFileType = sourcecode.c.h; path = DDXMLElementAdditions.h; sourceTree = "<group>"; };
		CE5F2C6219C9247B00380BE9 /* DDXMLElementAdditions.m */ = {isa = PBXFileReference; fileEncoding = 4; lastKnownFileType = sourcecode.c.objc; path = DDXMLElementAdditions.m; sourceTree = "<group>"; };
		CE5F2C6419C9247B00380BE9 /* NSString+DDXML.h */ = {isa = PBXFileReference; fileEncoding = 4; lastKnownFileType = sourcecode.c.h; path = "NSString+DDXML.h"; sourceTree = "<group>"; };
		CE5F2C6519C9247B00380BE9 /* NSString+DDXML.m */ = {isa = PBXFileReference; fileEncoding = 4; lastKnownFileType = sourcecode.c.objc; path = "NSString+DDXML.m"; sourceTree = "<group>"; };
		CE5F2C6619C9247B00380BE9 /* DDXML.h */ = {isa = PBXFileReference; fileEncoding = 4; lastKnownFileType = sourcecode.c.h; path = DDXML.h; sourceTree = "<group>"; };
		CE5F2C6719C9247B00380BE9 /* DDXMLDocument.h */ = {isa = PBXFileReference; fileEncoding = 4; lastKnownFileType = sourcecode.c.h; path = DDXMLDocument.h; sourceTree = "<group>"; };
		CE5F2C6819C9247B00380BE9 /* DDXMLDocument.m */ = {isa = PBXFileReference; fileEncoding = 4; lastKnownFileType = sourcecode.c.objc; path = DDXMLDocument.m; sourceTree = "<group>"; };
		CE5F2C6919C9247B00380BE9 /* DDXMLElement.h */ = {isa = PBXFileReference; fileEncoding = 4; lastKnownFileType = sourcecode.c.h; path = DDXMLElement.h; sourceTree = "<group>"; };
		CE5F2C6A19C9247B00380BE9 /* DDXMLElement.m */ = {isa = PBXFileReference; fileEncoding = 4; lastKnownFileType = sourcecode.c.objc; path = DDXMLElement.m; sourceTree = "<group>"; };
		CE5F2C6B19C9247B00380BE9 /* DDXMLNode.h */ = {isa = PBXFileReference; fileEncoding = 4; lastKnownFileType = sourcecode.c.h; path = DDXMLNode.h; sourceTree = "<group>"; };
		CE5F2C6C19C9247B00380BE9 /* DDXMLNode.m */ = {isa = PBXFileReference; fileEncoding = 4; lastKnownFileType = sourcecode.c.objc; path = DDXMLNode.m; sourceTree = "<group>"; };
		CE5F2C6E19C9247B00380BE9 /* DDXMLPrivate.h */ = {isa = PBXFileReference; fileEncoding = 4; lastKnownFileType = sourcecode.c.h; path = DDXMLPrivate.h; sourceTree = "<group>"; };
		CE7894E01A4F1BC900B42345 /* 09Finalize.png */ = {isa = PBXFileReference; lastKnownFileType = image.png; path = 09Finalize.png; sourceTree = "<group>"; };
		CE7894E11A4F1BC900B42345 /* 05Success.png */ = {isa = PBXFileReference; lastKnownFileType = image.png; path = 05Success.png; sourceTree = "<group>"; };
		CE7894E21A4F1BC900B42345 /* 04LostFace.png */ = {isa = PBXFileReference; lastKnownFileType = image.png; path = 04LostFace.png; sourceTree = "<group>"; };
		CE7894E31A4F1BC900B42345 /* 03FindFace.png */ = {isa = PBXFileReference; lastKnownFileType = image.png; path = 03FindFace.png; sourceTree = "<group>"; };
		CE7894E41A4F1BC900B42345 /* 01Load.png */ = {isa = PBXFileReference; lastKnownFileType = image.png; path = 01Load.png; sourceTree = "<group>"; };
		CE7894E51A4F1BC900B42345 /* 00Load.png */ = {isa = PBXFileReference; lastKnownFileType = image.png; path = 00Load.png; sourceTree = "<group>"; };
		CE7894E61A4F1BC900B42345 /* 02Home.png */ = {isa = PBXFileReference; lastKnownFileType = image.png; path = 02Home.png; sourceTree = "<group>"; };
		CE7894EE1A4F556900B42345 /* TCGazeDB.h */ = {isa = PBXFileReference; fileEncoding = 4; lastKnownFileType = sourcecode.c.h; path = TCGazeDB.h; sourceTree = "<group>"; };
		CE7894EF1A4F556900B42345 /* TCGazeDB.m */ = {isa = PBXFileReference; fileEncoding = 4; lastKnownFileType = sourcecode.c.objc; path = TCGazeDB.m; sourceTree = "<group>"; };
		CE7BE0ED19E0A01800D541F9 /* beta.mov */ = {isa = PBXFileReference; lastKnownFileType = video.quicktime; path = beta.mov; sourceTree = "<group>"; };
		CE7BE0EE19E0A01800D541F9 /* gamma.mov */ = {isa = PBXFileReference; lastKnownFileType = video.quicktime; path = gamma.mov; sourceTree = "<group>"; };
		CE7BE0EF19E0A01800D541F9 /* alpha.mov */ = {isa = PBXFileReference; lastKnownFileType = video.quicktime; path = alpha.mov; sourceTree = "<group>"; };
		CE7BE0F019E0A01800D541F9 /* 3.mov */ = {isa = PBXFileReference; lastKnownFileType = video.quicktime; path = 3.mov; sourceTree = "<group>"; };
		CE7BE0F119E0A01800D541F9 /* 2.mov */ = {isa = PBXFileReference; lastKnownFileType = video.quicktime; path = 2.mov; sourceTree = "<group>"; };
		CE7BE0F219E0A01800D541F9 /* 1.mov */ = {isa = PBXFileReference; lastKnownFileType = video.quicktime; path = 1.mov; sourceTree = "<group>"; };
		CE977CE71A65B2DC00CC527E /* NOLA_A.smil */ = {isa = PBXFileReference; fileEncoding = 4; lastKnownFileType = text; path = NOLA_A.smil; sourceTree = "<group>"; };
		CE977CE81A65B2DC00CC527E /* NOLA_A0A.smil */ = {isa = PBXFileReference; fileEncoding = 4; lastKnownFileType = text; path = NOLA_A0A.smil; sourceTree = "<group>"; };
		CE977CE91A65B2DC00CC527E /* NOLA_A0A1.smil */ = {isa = PBXFileReference; fileEncoding = 4; lastKnownFileType = text; path = NOLA_A0A1.smil; sourceTree = "<group>"; };
		CE977CEA1A65B2DC00CC527E /* NOLA_A0A1A.smil */ = {isa = PBXFileReference; fileEncoding = 4; lastKnownFileType = text; path = NOLA_A0A1A.smil; sourceTree = "<group>"; };
		CE977CEB1A65B2DC00CC527E /* NOLA_A0A1B.smil */ = {isa = PBXFileReference; fileEncoding = 4; lastKnownFileType = text; path = NOLA_A0A1B.smil; sourceTree = "<group>"; };
		CE977CEC1A65B2DC00CC527E /* NOLA_A0A2.smil */ = {isa = PBXFileReference; fileEncoding = 4; lastKnownFileType = text; path = NOLA_A0A2.smil; sourceTree = "<group>"; };
		CE977CED1A65B2DC00CC527E /* NOLA_A0A2A.smil */ = {isa = PBXFileReference; fileEncoding = 4; lastKnownFileType = text; path = NOLA_A0A2A.smil; sourceTree = "<group>"; };
		CE977CEE1A65B2DC00CC527E /* NOLA_A0A2B.smil */ = {isa = PBXFileReference; fileEncoding = 4; lastKnownFileType = text; path = NOLA_A0A2B.smil; sourceTree = "<group>"; };
		CE977CEF1A65B2DC00CC527E /* NOLA_A0A2B1.smil */ = {isa = PBXFileReference; fileEncoding = 4; lastKnownFileType = text; path = NOLA_A0A2B1.smil; sourceTree = "<group>"; };
		CE977CF01A65B2DC00CC527E /* NOLA_A0A2B2.smil */ = {isa = PBXFileReference; fileEncoding = 4; lastKnownFileType = text; path = NOLA_A0A2B2.smil; sourceTree = "<group>"; };
		CE977CF11A65B2DC00CC527E /* NOLA_A1.smil */ = {isa = PBXFileReference; fileEncoding = 4; lastKnownFileType = text; path = NOLA_A1.smil; sourceTree = "<group>"; };
		CE977CF21A65B2DC00CC527E /* NOLA_A2.smil */ = {isa = PBXFileReference; fileEncoding = 4; lastKnownFileType = text; path = NOLA_A2.smil; sourceTree = "<group>"; };
		CE977D001A65B64A00CC527E /* NOLA_A.mov */ = {isa = PBXFileReference; lastKnownFileType = video.quicktime; path = NOLA_A.mov; sourceTree = "<group>"; };
		CE977D011A65B64A00CC527E /* NOLA_A0A.mov */ = {isa = PBXFileReference; lastKnownFileType = video.quicktime; path = NOLA_A0A.mov; sourceTree = "<group>"; };
		CE977D021A65B64A00CC527E /* NOLA_A0A1.mov */ = {isa = PBXFileReference; lastKnownFileType = video.quicktime; path = NOLA_A0A1.mov; sourceTree = "<group>"; };
		CE977D031A65B64A00CC527E /* NOLA_A0A1A.mov */ = {isa = PBXFileReference; lastKnownFileType = video.quicktime; path = NOLA_A0A1A.mov; sourceTree = "<group>"; };
		CE977D041A65B64A00CC527E /* NOLA_A0A1B.mov */ = {isa = PBXFileReference; lastKnownFileType = video.quicktime; path = NOLA_A0A1B.mov; sourceTree = "<group>"; };
		CE977D051A65B64A00CC527E /* NOLA_A0A2.mov */ = {isa = PBXFileReference; lastKnownFileType = video.quicktime; path = NOLA_A0A2.mov; sourceTree = "<group>"; };
		CE977D061A65B64A00CC527E /* NOLA_A0A2A.mov */ = {isa = PBXFileReference; lastKnownFileType = video.quicktime; path = NOLA_A0A2A.mov; sourceTree = "<group>"; };
		CE977D071A65B64A00CC527E /* NOLA_A0A2B.mov */ = {isa = PBXFileReference; lastKnownFileType = video.quicktime; path = NOLA_A0A2B.mov; sourceTree = "<group>"; };
		CE977D081A65B64A00CC527E /* NOLA_A0A2B1.mov */ = {isa = PBXFileReference; lastKnownFileType = video.quicktime; path = NOLA_A0A2B1.mov; sourceTree = "<group>"; };
		CE977D091A65B64A00CC527E /* NOLA_A0A2B2.mov */ = {isa = PBXFileReference; lastKnownFileType = video.quicktime; path = NOLA_A0A2B2.mov; sourceTree = "<group>"; };
		CE977D0A1A65B64A00CC527E /* NOLA_A1.mov */ = {isa = PBXFileReference; lastKnownFileType = video.quicktime; path = NOLA_A1.mov; sourceTree = "<group>"; };
		CE977D0B1A65B64A00CC527E /* NOLA_A2.mov */ = {isa = PBXFileReference; lastKnownFileType = video.quicktime; path = NOLA_A2.mov; sourceTree = "<group>"; };
		CEA6F85719E05992006EA414 /* alpha.smil */ = {isa = PBXFileReference; fileEncoding = 4; lastKnownFileType = text; path = alpha.smil; sourceTree = "<group>"; };
		CEA6F85819E05992006EA414 /* beta.smil */ = {isa = PBXFileReference; fileEncoding = 4; lastKnownFileType = text; path = beta.smil; sourceTree = "<group>"; };
		CEB5F2D819D669FB000CDF9E /* calibration.smil */ = {isa = PBXFileReference; fileEncoding = 4; lastKnownFileType = text; path = calibration.smil; sourceTree = "<group>"; };
		CEE4C04319D48456009B3523 /* 637-055-282-782-699-137-004-446-835-604-044.vlc */ = {isa = PBXFileReference; fileEncoding = 4; lastKnownFileType = text; path = "637-055-282-782-699-137-004-446-835-604-044.vlc"; sourceTree = "<group>"; };
		CEEC98EA19CFC32800CCF95F /* CoreText.framework */ = {isa = PBXFileReference; lastKnownFileType = wrapper.framework; name = CoreText.framework; path = System/Library/Frameworks/CoreText.framework; sourceTree = SDKROOT; };
		CEFBB63D19B9F2100056FC0C /* TelepathicCinema.h */ = {isa = PBXFileReference; fileEncoding = 4; lastKnownFileType = sourcecode.c.h; path = TelepathicCinema.h; sourceTree = "<group>"; };
		CEFBB63E19B9F2100056FC0C /* TelepathicCinema.m */ = {isa = PBXFileReference; fileEncoding = 4; lastKnownFileType = sourcecode.c.objc; path = TelepathicCinema.m; sourceTree = "<group>"; };
/* End PBXFileReference section */

/* Begin PBXFrameworksBuildPhase section */
		CE1855F519AA3BD600B552EE /* Frameworks */ = {
			isa = PBXFrameworksBuildPhase;
			buildActionMask = 2147483647;
			files = (
				CEEC98EB19CFC32800CCF95F /* CoreText.framework in Frameworks */,
				CE18563F19AA3CE700B552EE /* libVisageCore.a in Frameworks */,
				CE18564019AA3CE700B552EE /* libVisageVision.a in Frameworks */,
				CE18567019AAB26C00B552EE /* libVisageCore.a in Frameworks */,
				CE18563C19AA3CCA00B552EE /* ImageIO.framework in Frameworks */,
				CE18563A19AA3CBD00B552EE /* libz.dylib in Frameworks */,
				CE18563819AA3CAA00B552EE /* CoreVideo.framework in Frameworks */,
				CE18563619AA3C9C00B552EE /* CoreMedia.framework in Frameworks */,
				CE18563419AA3C9400B552EE /* AVFoundation.framework in Frameworks */,
				CE1855FE19AA3BD600B552EE /* CoreGraphics.framework in Frameworks */,
				CE18560019AA3BD600B552EE /* UIKit.framework in Frameworks */,
				CE18567119AAB26C00B552EE /* libVisageVision.a in Frameworks */,
				CE1855FC19AA3BD600B552EE /* Foundation.framework in Frameworks */,
			);
			runOnlyForDeploymentPostprocessing = 0;
		};
		CE18561919AA3BD600B552EE /* Frameworks */ = {
			isa = PBXFrameworksBuildPhase;
			buildActionMask = 2147483647;
			files = (
				CE18561E19AA3BD600B552EE /* XCTest.framework in Frameworks */,
				CE18562019AA3BD600B552EE /* UIKit.framework in Frameworks */,
				CE18561F19AA3BD600B552EE /* Foundation.framework in Frameworks */,
			);
			runOnlyForDeploymentPostprocessing = 0;
		};
/* End PBXFrameworksBuildPhase section */

/* Begin PBXGroup section */
		CE1855EF19AA3BD600B552EE = {
			isa = PBXGroup;
			children = (
				CE5F2C3B19C919C300380BE9 /* MovieFiles */,
				CE5F2C7419C93C4C00380BE9 /* Visage */,
				CE18564119AA3E4000B552EE /* Resources */,
				CE18560119AA3BD600B552EE /* Telepathic Cinema */,
				CE18562319AA3BD600B552EE /* Telepathic CinemaTests */,
				CE1855FA19AA3BD600B552EE /* Frameworks */,
				CE1855F919AA3BD600B552EE /* Products */,
			);
			sourceTree = "<group>";
		};
		CE1855F919AA3BD600B552EE /* Products */ = {
			isa = PBXGroup;
			children = (
				CE1855F819AA3BD600B552EE /* Telepathic Cinema.app */,
				CE18561C19AA3BD600B552EE /* Telepathic CinemaTests.xctest */,
			);
			name = Products;
			sourceTree = "<group>";
		};
		CE1855FA19AA3BD600B552EE /* Frameworks */ = {
			isa = PBXGroup;
			children = (
				CEEC98EA19CFC32800CCF95F /* CoreText.framework */,
				CE18563D19AA3CE700B552EE /* libVisageCore.a */,
				CE18563E19AA3CE700B552EE /* libVisageVision.a */,
				CE18563B19AA3CCA00B552EE /* ImageIO.framework */,
				CE18563919AA3CBD00B552EE /* libz.dylib */,
				CE18563719AA3CAA00B552EE /* CoreVideo.framework */,
				CE18563519AA3C9C00B552EE /* CoreMedia.framework */,
				CE18563319AA3C9400B552EE /* AVFoundation.framework */,
				CE1855FB19AA3BD600B552EE /* Foundation.framework */,
				CE1855FD19AA3BD600B552EE /* CoreGraphics.framework */,
				CE1855FF19AA3BD600B552EE /* UIKit.framework */,
				CE18561D19AA3BD600B552EE /* XCTest.framework */,
			);
			name = Frameworks;
			sourceTree = "<group>";
		};
		CE18560119AA3BD600B552EE /* Telepathic Cinema */ = {
			isa = PBXGroup;
			children = (
				CE5F2C5F19C9247B00380BE9 /* KissXML */,
				CE18560A19AA3BD600B552EE /* AppDelegate.h */,
				CE18560B19AA3BD600B552EE /* AppDelegate.m */,
				CE18560D19AA3BD600B552EE /* Main_iPhone.storyboard */,
				CE18561019AA3BD600B552EE /* Main_iPad.storyboard */,
				CE18561319AA3BD600B552EE /* ViewController.h */,
				CE18561419AA3BD600B552EE /* ViewController.m */,
				CE18561619AA3BD600B552EE /* Images.xcassets */,
				CE18560219AA3BD600B552EE /* Supporting Files */,
				CEFBB63D19B9F2100056FC0C /* TelepathicCinema.h */,
				CEFBB63E19B9F2100056FC0C /* TelepathicCinema.m */,
				CE08071219DAC00000D44B50 /* TCCalibrationPoint.h */,
				CE08071319DAC00000D44B50 /* TCCalibrationPoint.m */,
				CE1BDFA119BBBDA00033A237 /* TCGaze.h */,
				CE1BDFA219BBBDA00033A237 /* TCGaze.m */,
				CE1BDF9B19BB8BB70033A237 /* TCScene.h */,
				CE1BDF9C19BB8BB70033A237 /* TCScene.m */,
				CE1BDF9E19BB95190033A237 /* TCRegion.h */,
				CE1BDF9F19BB95190033A237 /* TCRegion.m */,
				CE44A0231A1C53F600667AEB /* IntroViewController.h */,
				CE44A0241A1C53F600667AEB /* IntroViewController.m */,
				CE7894EE1A4F556900B42345 /* TCGazeDB.h */,
				CE7894EF1A4F556900B42345 /* TCGazeDB.m */,
				CE3CA6771A5B7A96008610BF /* HistoricalGazeDataPoint.h */,
				CE3CA6781A5B7A96008610BF /* HistoricalGazeDataPoint.m */,
			);
			path = "Telepathic Cinema";
			sourceTree = "<group>";
		};
		CE18560219AA3BD600B552EE /* Supporting Files */ = {
			isa = PBXGroup;
			children = (
				CE18560319AA3BD600B552EE /* Telepathic Cinema-Info.plist */,
				CE18560419AA3BD600B552EE /* InfoPlist.strings */,
				CE18560719AA3BD600B552EE /* main.m */,
				CE18560919AA3BD600B552EE /* Telepathic Cinema-Prefix.pch */,
			);
			name = "Supporting Files";
			sourceTree = "<group>";
		};
		CE18562319AA3BD600B552EE /* Telepathic CinemaTests */ = {
			isa = PBXGroup;
			children = (
				CE18562919AA3BD600B552EE /* Telepathic_CinemaTests.m */,
				CE18562419AA3BD600B552EE /* Supporting Files */,
			);
			path = "Telepathic CinemaTests";
			sourceTree = "<group>";
		};
		CE18562419AA3BD600B552EE /* Supporting Files */ = {
			isa = PBXGroup;
			children = (
				CE18562519AA3BD600B552EE /* Telepathic CinemaTests-Info.plist */,
				CE18562619AA3BD600B552EE /* InfoPlist.strings */,
			);
			name = "Supporting Files";
			sourceTree = "<group>";
		};
		CE18564119AA3E4000B552EE /* Resources */ = {
			isa = PBXGroup;
			children = (
				CE7894DF1A4F1B7500B42345 /* visageConfigData */,
				CE7894DE1A4F1B5C00B42345 /* graphics */,
			);
			name = Resources;
			sourceTree = "<group>";
		};
		CE18566719AAB09900B552EE /* VisageHeaders */ = {
			isa = PBXGroup;
			children = (
				CE556D8519D5258200ED25FA /* MAFilter.h */,
				CE556D8119D5255100ED25FA /* Estimator.h */,
				CE556D8619D525B000ED25FA /* RANSACUtil.h */,
				CE556D8219D5255100ED25FA /* Estimator6P.h */,
				CE556D8019D5253800ED25FA /* TrackerGazeCalibrator.h */,
				CE556D8419D5257700ED25FA /* Weighter.h */,
				CE556D8319D5255E00ED25FA /* VisageEstimator.h */,
				CE18566819AAB0B300B552EE /* FBAPs.h */,
				CE18566919AAB0B300B552EE /* FDP.h */,
				CE18566A19AAB0B300B552EE /* gluLookAt.h */,
				CE18566B19AAB0B300B552EE /* VisageTracker2.h */,
				CE18566C19AAB0B300B552EE /* visageVision.h */,
			);
			name = VisageHeaders;
			sourceTree = "<group>";
		};
		CE18566D19AAB25C00B552EE /* VisageLibs */ = {
			isa = PBXGroup;
			children = (
				CE18566E19AAB26C00B552EE /* libVisageCore.a */,
				CE18566F19AAB26C00B552EE /* libVisageVision.a */,
			);
			name = VisageLibs;
			sourceTree = "<group>";
		};
		CE18567219AAB67900B552EE /* VisageClasses */ = {
			isa = PBXGroup;
			children = (
				CE18567319AAB69500B552EE /* UIDeviceHardware.h */,
				CE18567419AAB69500B552EE /* UIDeviceHardware.m */,
				CE18567719AAB69500B552EE /* DemoObserver.h */,
				CE18567819AAB69500B552EE /* DemoObserver.mm */,
				CE18567A19AAB69500B552EE /* TrackerWrapper.mm */,
				CE18567919AAB69500B552EE /* TrackerWrapper.h */,
				CE18567B19AAB69500B552EE /* CustomGLView.m */,
				CE18567C19AAB69500B552EE /* CustomGLView.h */,
			);
			name = VisageClasses;
			sourceTree = "<group>";
		};
		CE5F2C3B19C919C300380BE9 /* MovieFiles */ = {
			isa = PBXGroup;
			children = (
				CE977CFF1A65B2F100CC527E /* calibration */,
				CE977CE61A65B2C300CC527E /* nola */,
				CE5F2C4019C91D2F00380BE9 /* 3.smil */,
				CEA6F85719E05992006EA414 /* alpha.smil */,
				CEA6F85819E05992006EA414 /* beta.smil */,
				CE7BE0ED19E0A01800D541F9 /* beta.mov */,
				CE7BE0EE19E0A01800D541F9 /* gamma.mov */,
				CE7BE0EF19E0A01800D541F9 /* alpha.mov */,
				CE7BE0F019E0A01800D541F9 /* 3.mov */,
				CE7BE0F119E0A01800D541F9 /* 2.mov */,
				CE7BE0F219E0A01800D541F9 /* 1.mov */,
				0F8392F419E09C96008BD7EE /* gamma.smil */,
				CE5F2C3E19C91D1900380BE9 /* 2.smil */,
				CE5F2C3C19C91BEA00380BE9 /* 1.smil */,
			);
			name = MovieFiles;
			sourceTree = "<group>";
		};
		CE5F2C5F19C9247B00380BE9 /* KissXML */ = {
			isa = PBXGroup;
			children = (
				CE5F2C6019C9247B00380BE9 /* Additions */,
				CE5F2C6319C9247B00380BE9 /* Categories */,
				CE5F2C6619C9247B00380BE9 /* DDXML.h */,
				CE5F2C6719C9247B00380BE9 /* DDXMLDocument.h */,
				CE5F2C6819C9247B00380BE9 /* DDXMLDocument.m */,
				CE5F2C6919C9247B00380BE9 /* DDXMLElement.h */,
				CE5F2C6A19C9247B00380BE9 /* DDXMLElement.m */,
				CE5F2C6B19C9247B00380BE9 /* DDXMLNode.h */,
				CE5F2C6C19C9247B00380BE9 /* DDXMLNode.m */,
				CE5F2C6D19C9247B00380BE9 /* Private */,
			);
			path = KissXML;
			sourceTree = "<group>";
		};
		CE5F2C6019C9247B00380BE9 /* Additions */ = {
			isa = PBXGroup;
			children = (
				CE5F2C6119C9247B00380BE9 /* DDXMLElementAdditions.h */,
				CE5F2C6219C9247B00380BE9 /* DDXMLElementAdditions.m */,
			);
			path = Additions;
			sourceTree = "<group>";
		};
		CE5F2C6319C9247B00380BE9 /* Categories */ = {
			isa = PBXGroup;
			children = (
				CE5F2C6419C9247B00380BE9 /* NSString+DDXML.h */,
				CE5F2C6519C9247B00380BE9 /* NSString+DDXML.m */,
			);
			path = Categories;
			sourceTree = "<group>";
		};
		CE5F2C6D19C9247B00380BE9 /* Private */ = {
			isa = PBXGroup;
			children = (
				CE5F2C6E19C9247B00380BE9 /* DDXMLPrivate.h */,
			);
			path = Private;
			sourceTree = "<group>";
		};
		CE5F2C7419C93C4C00380BE9 /* Visage */ = {
			isa = PBXGroup;
			children = (
				CE18567219AAB67900B552EE /* VisageClasses */,
				CE18566D19AAB25C00B552EE /* VisageLibs */,
				CE18566719AAB09900B552EE /* VisageHeaders */,
			);
			name = Visage;
			sourceTree = "<group>";
		};
		CE7894DE1A4F1B5C00B42345 /* graphics */ = {
			isa = PBXGroup;
			children = (
				CE7894E01A4F1BC900B42345 /* 09Finalize.png */,
				CE45A3CC1A572677006F39CC /* 08CalibrationLostFace.png */,
				CE7894E11A4F1BC900B42345 /* 05Success.png */,
				CE7894E21A4F1BC900B42345 /* 04LostFace.png */,
				CE7894E31A4F1BC900B42345 /* 03FindFace.png */,
				CE7894E41A4F1BC900B42345 /* 01Load.png */,
				CE7894E51A4F1BC900B42345 /* 00Load.png */,
				CE7894E61A4F1BC900B42345 /* 02Home.png */,
			);
			name = graphics;
			sourceTree = "<group>";
		};
		CE7894DF1A4F1B7500B42345 /* visageConfigData */ = {
			isa = PBXGroup;
			children = (
				CE18564219AA3E7400B552EE /* bdtsdata */,
				CE18564319AA3E7400B552EE /* candide.wfm */,
				CE18564419AA3E7400B552EE /* candide3-ClosedMouth.wfm */,
				CE18564519AA3E7400B552EE /* candide3-exp.wfm */,
				CEE4C04319D48456009B3523 /* 637-055-282-782-699-137-004-446-835-604-044.vlc */,
				CE18564619AA3E7400B552EE /* candide3.fdp */,
				CE18564719AA3E7400B552EE /* candide3.wfm */,
				CE18564819AA3E7400B552EE /* Face Detector.cfg */,
				CE18564A19AA3E7400B552EE /* FFT - HighPerformance.cfg */,
				CE18564B19AA3E7400B552EE /* FFT - LowPerformance.cfg */,
				CE18564C19AA3E7400B552EE /* FFT - MidPerformance.cfg */,
				CE18564D19AA3E7400B552EE /* HT - HighPerformance.cfg */,
				CE18564E19AA3E7400B552EE /* HT - LowPerformance.cfg */,
				CE18564F19AA3E7400B552EE /* HT - MidPerformance.cfg */,
			);
			name = visageConfigData;
			sourceTree = "<group>";
		};
		CE977CE61A65B2C300CC527E /* nola */ = {
			isa = PBXGroup;
			children = (
				CE977CE71A65B2DC00CC527E /* NOLA_A.smil */,
				CE977CE81A65B2DC00CC527E /* NOLA_A0A.smil */,
				CE977D001A65B64A00CC527E /* NOLA_A.mov */,
				CE977D011A65B64A00CC527E /* NOLA_A0A.mov */,
				CE977D021A65B64A00CC527E /* NOLA_A0A1.mov */,
				CE977D031A65B64A00CC527E /* NOLA_A0A1A.mov */,
				CE977D041A65B64A00CC527E /* NOLA_A0A1B.mov */,
				CE977D051A65B64A00CC527E /* NOLA_A0A2.mov */,
				CE977D061A65B64A00CC527E /* NOLA_A0A2A.mov */,
				CE977D071A65B64A00CC527E /* NOLA_A0A2B.mov */,
				CE977D081A65B64A00CC527E /* NOLA_A0A2B1.mov */,
				CE977D091A65B64A00CC527E /* NOLA_A0A2B2.mov */,
				CE977D0A1A65B64A00CC527E /* NOLA_A1.mov */,
				CE977D0B1A65B64A00CC527E /* NOLA_A2.mov */,
				CE977CE91A65B2DC00CC527E /* NOLA_A0A1.smil */,
				CE977CEA1A65B2DC00CC527E /* NOLA_A0A1A.smil */,
				CE977CEB1A65B2DC00CC527E /* NOLA_A0A1B.smil */,
				CE977CEC1A65B2DC00CC527E /* NOLA_A0A2.smil */,
				CE977CED1A65B2DC00CC527E /* NOLA_A0A2A.smil */,
				CE977CEE1A65B2DC00CC527E /* NOLA_A0A2B.smil */,
				CE977CEF1A65B2DC00CC527E /* NOLA_A0A2B1.smil */,
				CE977CF01A65B2DC00CC527E /* NOLA_A0A2B2.smil */,
				CE977CF11A65B2DC00CC527E /* NOLA_A1.smil */,
				CE977CF21A65B2DC00CC527E /* NOLA_A2.smil */,
			);
			name = nola;
			sourceTree = "<group>";
		};
		CE977CFF1A65B2F100CC527E /* calibration */ = {
			isa = PBXGroup;
			children = (
				CEB5F2D819D669FB000CDF9E /* calibration.smil */,
				CE59F2B71A64F0A0007B93AC /* 7PtCalibration.mov */,
				CE4071161A66EA4C002AC614 /* 9ptCalibration.mov */,
				CE4071141A66E91E002AC614 /* 9ptcalibration.smil */,
				CE59F2B01A64E63C007B93AC /* 5ptcalibration.smil */,
				CE59F2B51A64F06B007B93AC /* 7ptcalibration.smil */,
				CE59F2B31A64EBD4007B93AC /* 5PtCalibration.mov */,
			);
			name = calibration;
			sourceTree = "<group>";
		};
/* End PBXGroup section */

/* Begin PBXNativeTarget section */
		CE1855F719AA3BD600B552EE /* Telepathic Cinema */ = {
			isa = PBXNativeTarget;
			buildConfigurationList = CE18562D19AA3BD600B552EE /* Build configuration list for PBXNativeTarget "Telepathic Cinema" */;
			buildPhases = (
				CE1855F419AA3BD600B552EE /* Sources */,
				CE1855F519AA3BD600B552EE /* Frameworks */,
				CE1855F619AA3BD600B552EE /* Resources */,
			);
			buildRules = (
			);
			dependencies = (
			);
			name = "Telepathic Cinema";
			productName = "Telepathic Cinema";
			productReference = CE1855F819AA3BD600B552EE /* Telepathic Cinema.app */;
			productType = "com.apple.product-type.application";
		};
		CE18561B19AA3BD600B552EE /* Telepathic CinemaTests */ = {
			isa = PBXNativeTarget;
			buildConfigurationList = CE18563019AA3BD600B552EE /* Build configuration list for PBXNativeTarget "Telepathic CinemaTests" */;
			buildPhases = (
				CE18561819AA3BD600B552EE /* Sources */,
				CE18561919AA3BD600B552EE /* Frameworks */,
				CE18561A19AA3BD600B552EE /* Resources */,
			);
			buildRules = (
			);
			dependencies = (
				CE18562219AA3BD600B552EE /* PBXTargetDependency */,
			);
			name = "Telepathic CinemaTests";
			productName = "Telepathic CinemaTests";
			productReference = CE18561C19AA3BD600B552EE /* Telepathic CinemaTests.xctest */;
			productType = "com.apple.product-type.bundle.unit-test";
		};
/* End PBXNativeTarget section */

/* Begin PBXProject section */
		CE1855F019AA3BD600B552EE /* Project object */ = {
			isa = PBXProject;
			attributes = {
				LastUpgradeCheck = 0510;
				ORGANIZATIONNAME = Ket.ai;
				TargetAttributes = {
					CE18561B19AA3BD600B552EE = {
						TestTargetID = CE1855F719AA3BD600B552EE;
					};
				};
			};
			buildConfigurationList = CE1855F319AA3BD600B552EE /* Build configuration list for PBXProject "Telepathic Cinema" */;
			compatibilityVersion = "Xcode 3.2";
			developmentRegion = English;
			hasScannedForEncodings = 0;
			knownRegions = (
				en,
				Base,
			);
			mainGroup = CE1855EF19AA3BD600B552EE;
			productRefGroup = CE1855F919AA3BD600B552EE /* Products */;
			projectDirPath = "";
			projectRoot = "";
			targets = (
				CE1855F719AA3BD600B552EE /* Telepathic Cinema */,
				CE18561B19AA3BD600B552EE /* Telepathic CinemaTests */,
			);
		};
/* End PBXProject section */

/* Begin PBXResourcesBuildPhase section */
		CE1855F619AA3BD600B552EE /* Resources */ = {
			isa = PBXResourcesBuildPhase;
			buildActionMask = 2147483647;
			files = (
				CE59F2B81A64F0A0007B93AC /* 7PtCalibration.mov in Resources */,
				CE977D0E1A65B64A00CC527E /* NOLA_A0A1.mov in Resources */,
				CE977D0C1A65B64A00CC527E /* NOLA_A.mov in Resources */,
				CE4071151A66E91E002AC614 /* 9ptcalibration.smil in Resources */,
				CE96051E19E21C2A007B0594 /* Main_iPad.storyboard in Resources */,
				CE7BE0F619E0A01800D541F9 /* 3.mov in Resources */,
				CE59F2B61A64F06B007B93AC /* 7ptcalibration.smil in Resources */,
				CE18565619AA3E7400B552EE /* Face Detector.cfg in Resources */,
				CE7894EC1A4F1BC900B42345 /* 00Load.png in Resources */,
				CE977CFD1A65B2DC00CC527E /* NOLA_A1.smil in Resources */,
				CE977CF31A65B2DC00CC527E /* NOLA_A.smil in Resources */,
				CEE4C04419D48456009B3523 /* 637-055-282-782-699-137-004-446-835-604-044.vlc in Resources */,
				CE59F2B41A64EBD4007B93AC /* 5PtCalibration.mov in Resources */,
				0F8392F519E09C96008BD7EE /* gamma.smil in Resources */,
				CE977D141A65B64A00CC527E /* NOLA_A0A2B1.mov in Resources */,
				CE977CF51A65B2DC00CC527E /* NOLA_A0A1.smil in Resources */,
				CE7BE0F719E0A01800D541F9 /* 2.mov in Resources */,
				CE977CFE1A65B2DC00CC527E /* NOLA_A2.smil in Resources */,
				CE18565B19AA3E7400B552EE /* HT - HighPerformance.cfg in Resources */,
				CE977CF61A65B2DC00CC527E /* NOLA_A0A1A.smil in Resources */,
				CE977D171A65B64A00CC527E /* NOLA_A2.mov in Resources */,
				CE977CF81A65B2DC00CC527E /* NOLA_A0A2.smil in Resources */,
				CE977CFA1A65B2DC00CC527E /* NOLA_A0A2B.smil in Resources */,
				CEA6F85A19E05992006EA414 /* beta.smil in Resources */,
				CE977D161A65B64A00CC527E /* NOLA_A1.mov in Resources */,
				CE7BE0F319E0A01800D541F9 /* beta.mov in Resources */,
				CE977D111A65B64A00CC527E /* NOLA_A0A2.mov in Resources */,
				CE18565219AA3E7400B552EE /* candide3-ClosedMouth.wfm in Resources */,
				CE59F2B21A64E63C007B93AC /* 5ptcalibration.smil in Resources */,
				CE977D131A65B64A00CC527E /* NOLA_A0A2B.mov in Resources */,
				CE18561719AA3BD600B552EE /* Images.xcassets in Resources */,
				CE45A3CD1A572677006F39CC /* 08CalibrationLostFace.png in Resources */,
				CE18565919AA3E7400B552EE /* FFT - LowPerformance.cfg in Resources */,
				CE18565019AA3E7400B552EE /* bdtsdata in Resources */,
				CE977CF71A65B2DC00CC527E /* NOLA_A0A1B.smil in Resources */,
				CE7894E91A4F1BC900B42345 /* 04LostFace.png in Resources */,
				CEB5F2D919D669FB000CDF9E /* calibration.smil in Resources */,
				CE18565519AA3E7400B552EE /* candide3.wfm in Resources */,
				CE977CFC1A65B2DC00CC527E /* NOLA_A0A2B2.smil in Resources */,
				CE18565C19AA3E7400B552EE /* HT - LowPerformance.cfg in Resources */,
				CE7BE0F419E0A01800D541F9 /* gamma.mov in Resources */,
				CE977D0F1A65B64A00CC527E /* NOLA_A0A1A.mov in Resources */,
				CE18565319AA3E7400B552EE /* candide3-exp.wfm in Resources */,
				CE7894EB1A4F1BC900B42345 /* 01Load.png in Resources */,
				CE977CF41A65B2DC00CC527E /* NOLA_A0A.smil in Resources */,
				CE18565819AA3E7400B552EE /* FFT - HighPerformance.cfg in Resources */,
				CE7894ED1A4F1BC900B42345 /* 02Home.png in Resources */,
				CE977D0D1A65B64A00CC527E /* NOLA_A0A.mov in Resources */,
				CE18560619AA3BD600B552EE /* InfoPlist.strings in Resources */,
				CE7BE0F819E0A01800D541F9 /* 1.mov in Resources */,
				CE977CFB1A65B2DC00CC527E /* NOLA_A0A2B1.smil in Resources */,
				CE4071171A66EA4C002AC614 /* 9ptCalibration.mov in Resources */,
				CE977D151A65B64A00CC527E /* NOLA_A0A2B2.mov in Resources */,
				CE18565D19AA3E7400B552EE /* HT - MidPerformance.cfg in Resources */,
				CE7894E81A4F1BC900B42345 /* 05Success.png in Resources */,
				CE7894EA1A4F1BC900B42345 /* 03FindFace.png in Resources */,
				CEA6F85919E05992006EA414 /* alpha.smil in Resources */,
				CE7BE0F519E0A01800D541F9 /* alpha.mov in Resources */,
				CE977D101A65B64A00CC527E /* NOLA_A0A1B.mov in Resources */,
				CE7894E71A4F1BC900B42345 /* 09Finalize.png in Resources */,
				CE18565119AA3E7400B552EE /* candide.wfm in Resources */,
				CE977D121A65B64A00CC527E /* NOLA_A0A2A.mov in Resources */,
				CE977CF91A65B2DC00CC527E /* NOLA_A0A2A.smil in Resources */,
				CE5F2C4119C91D2F00380BE9 /* 3.smil in Resources */,
				CE5F2C3F19C91D1900380BE9 /* 2.smil in Resources */,
				CE5F2C3D19C91BEA00380BE9 /* 1.smil in Resources */,
				CE18565419AA3E7400B552EE /* candide3.fdp in Resources */,
				CE18565A19AA3E7400B552EE /* FFT - MidPerformance.cfg in Resources */,
			);
			runOnlyForDeploymentPostprocessing = 0;
		};
		CE18561A19AA3BD600B552EE /* Resources */ = {
			isa = PBXResourcesBuildPhase;
			buildActionMask = 2147483647;
			files = (
				CE18562819AA3BD600B552EE /* InfoPlist.strings in Resources */,
			);
			runOnlyForDeploymentPostprocessing = 0;
		};
/* End PBXResourcesBuildPhase section */

/* Begin PBXSourcesBuildPhase section */
		CE1855F419AA3BD600B552EE /* Sources */ = {
			isa = PBXSourcesBuildPhase;
			buildActionMask = 2147483647;
			files = (
				CE5F2C6F19C9247B00380BE9 /* DDXMLElementAdditions.m in Sources */,
				CE5F2C7219C9247B00380BE9 /* DDXMLElement.m in Sources */,
				CE7894F01A4F556900B42345 /* TCGazeDB.m in Sources */,
				CE08071419DAC00000D44B50 /* TCCalibrationPoint.m in Sources */,
				CE5F2C7319C9247B00380BE9 /* DDXMLNode.m in Sources */,
				CE5F2C7119C9247B00380BE9 /* DDXMLDocument.m in Sources */,
				CE5F2C7019C9247B00380BE9 /* NSString+DDXML.m in Sources */,
				CE1BDFA019BB95190033A237 /* TCRegion.m in Sources */,
				CE18567F19AAB69500B552EE /* DemoObserver.mm in Sources */,
				CE18568019AAB69500B552EE /* TrackerWrapper.mm in Sources */,
				CE18568119AAB69500B552EE /* CustomGLView.m in Sources */,
				CE18561519AA3BD600B552EE /* ViewController.m in Sources */,
				CE1BDF9D19BB8BB70033A237 /* TCScene.m in Sources */,
				CE3CA6791A5B7A96008610BF /* HistoricalGazeDataPoint.m in Sources */,
				CE18567D19AAB69500B552EE /* UIDeviceHardware.m in Sources */,
				CE44A0251A1C53F600667AEB /* IntroViewController.m in Sources */,
				CE1BDFA319BBBDA00033A237 /* TCGaze.m in Sources */,
				CEFBB63F19B9F2100056FC0C /* TelepathicCinema.m in Sources */,
				CE18560C19AA3BD600B552EE /* AppDelegate.m in Sources */,
				CE18560819AA3BD600B552EE /* main.m in Sources */,
			);
			runOnlyForDeploymentPostprocessing = 0;
		};
		CE18561819AA3BD600B552EE /* Sources */ = {
			isa = PBXSourcesBuildPhase;
			buildActionMask = 2147483647;
			files = (
				CE18562A19AA3BD600B552EE /* Telepathic_CinemaTests.m in Sources */,
			);
			runOnlyForDeploymentPostprocessing = 0;
		};
/* End PBXSourcesBuildPhase section */

/* Begin PBXTargetDependency section */
		CE18562219AA3BD600B552EE /* PBXTargetDependency */ = {
			isa = PBXTargetDependency;
			target = CE1855F719AA3BD600B552EE /* Telepathic Cinema */;
			targetProxy = CE18562119AA3BD600B552EE /* PBXContainerItemProxy */;
		};
/* End PBXTargetDependency section */

/* Begin PBXVariantGroup section */
		CE18560419AA3BD600B552EE /* InfoPlist.strings */ = {
			isa = PBXVariantGroup;
			children = (
				CE18560519AA3BD600B552EE /* en */,
			);
			name = InfoPlist.strings;
			sourceTree = "<group>";
		};
		CE18560D19AA3BD600B552EE /* Main_iPhone.storyboard */ = {
			isa = PBXVariantGroup;
			children = (
				CE18560E19AA3BD600B552EE /* Base */,
			);
			name = Main_iPhone.storyboard;
			sourceTree = "<group>";
		};
		CE18561019AA3BD600B552EE /* Main_iPad.storyboard */ = {
			isa = PBXVariantGroup;
			children = (
				CE18561119AA3BD600B552EE /* Base */,
			);
			name = Main_iPad.storyboard;
			sourceTree = "<group>";
		};
		CE18562619AA3BD600B552EE /* InfoPlist.strings */ = {
			isa = PBXVariantGroup;
			children = (
				CE18562719AA3BD600B552EE /* en */,
			);
			name = InfoPlist.strings;
			sourceTree = "<group>";
		};
/* End PBXVariantGroup section */

/* Begin XCBuildConfiguration section */
		CE18562B19AA3BD600B552EE /* Debug */ = {
			isa = XCBuildConfiguration;
			buildSettings = {
				ALWAYS_SEARCH_USER_PATHS = NO;
				CLANG_CXX_LANGUAGE_STANDARD = "gnu++0x";
				CLANG_CXX_LIBRARY = "libc++";
				CLANG_ENABLE_MODULES = YES;
				CLANG_ENABLE_OBJC_ARC = YES;
				CLANG_WARN_BOOL_CONVERSION = YES;
				CLANG_WARN_CONSTANT_CONVERSION = YES;
				CLANG_WARN_DIRECT_OBJC_ISA_USAGE = YES_ERROR;
				CLANG_WARN_EMPTY_BODY = YES;
				CLANG_WARN_ENUM_CONVERSION = YES;
				CLANG_WARN_INT_CONVERSION = YES;
				CLANG_WARN_OBJC_ROOT_CLASS = YES_ERROR;
				CLANG_WARN__DUPLICATE_METHOD_MATCH = YES;
				"CODE_SIGN_IDENTITY[sdk=iphoneos*]" = "iPhone Developer";
				COPY_PHASE_STRIP = NO;
				GCC_C_LANGUAGE_STANDARD = gnu99;
				GCC_DYNAMIC_NO_PIC = NO;
				GCC_OPTIMIZATION_LEVEL = 0;
				GCC_PREPROCESSOR_DEFINITIONS = (
					"DEBUG=1",
					"$(inherited)",
					IOS,
					VISAGE_STATIC,
				);
				GCC_SYMBOLS_PRIVATE_EXTERN = NO;
				GCC_WARN_64_TO_32_BIT_CONVERSION = YES;
				GCC_WARN_ABOUT_RETURN_TYPE = YES_ERROR;
				GCC_WARN_UNDECLARED_SELECTOR = YES;
				GCC_WARN_UNINITIALIZED_AUTOS = YES_AGGRESSIVE;
				GCC_WARN_UNUSED_FUNCTION = YES;
				GCC_WARN_UNUSED_VARIABLE = YES;
				HEADER_SEARCH_PATHS = (
					"$(inherited)",
					/Applications/Xcode.app/Contents/Developer/Toolchains/XcodeDefault.xctoolchain/usr/include,
					/usr/include/libxml2,
				);
				IPHONEOS_DEPLOYMENT_TARGET = 7.1;
				ONLY_ACTIVE_ARCH = NO;
				OTHER_LDFLAGS = "-lxml2";
				SDKROOT = iphoneos;
				TARGETED_DEVICE_FAMILY = "1,2";
				VALID_ARCHS = armv7;
			};
			name = Debug;
		};
		CE18562C19AA3BD600B552EE /* Release */ = {
			isa = XCBuildConfiguration;
			buildSettings = {
				ALWAYS_SEARCH_USER_PATHS = NO;
				CLANG_CXX_LANGUAGE_STANDARD = "gnu++0x";
				CLANG_CXX_LIBRARY = "libc++";
				CLANG_ENABLE_MODULES = YES;
				CLANG_ENABLE_OBJC_ARC = YES;
				CLANG_WARN_BOOL_CONVERSION = YES;
				CLANG_WARN_CONSTANT_CONVERSION = YES;
				CLANG_WARN_DIRECT_OBJC_ISA_USAGE = YES_ERROR;
				CLANG_WARN_EMPTY_BODY = YES;
				CLANG_WARN_ENUM_CONVERSION = YES;
				CLANG_WARN_INT_CONVERSION = YES;
				CLANG_WARN_OBJC_ROOT_CLASS = YES_ERROR;
				CLANG_WARN__DUPLICATE_METHOD_MATCH = YES;
				"CODE_SIGN_IDENTITY[sdk=iphoneos*]" = "iPhone Developer";
				COPY_PHASE_STRIP = YES;
				ENABLE_NS_ASSERTIONS = NO;
				GCC_C_LANGUAGE_STANDARD = gnu99;
				GCC_PREPROCESSOR_DEFINITIONS = (
					IOS,
					VISAGE_STATIC,
				);
				GCC_WARN_64_TO_32_BIT_CONVERSION = YES;
				GCC_WARN_ABOUT_RETURN_TYPE = YES_ERROR;
				GCC_WARN_UNDECLARED_SELECTOR = YES;
				GCC_WARN_UNINITIALIZED_AUTOS = YES_AGGRESSIVE;
				GCC_WARN_UNUSED_FUNCTION = YES;
				GCC_WARN_UNUSED_VARIABLE = YES;
				HEADER_SEARCH_PATHS = (
					"$(inherited)",
					/Applications/Xcode.app/Contents/Developer/Toolchains/XcodeDefault.xctoolchain/usr/include,
					/usr/include/libxml2,
				);
				IPHONEOS_DEPLOYMENT_TARGET = 7.1;
				ONLY_ACTIVE_ARCH = NO;
				OTHER_LDFLAGS = "-lxml2";
				SDKROOT = iphoneos;
				TARGETED_DEVICE_FAMILY = "1,2";
				VALIDATE_PRODUCT = YES;
				VALID_ARCHS = armv7;
			};
			name = Release;
		};
		CE18562E19AA3BD600B552EE /* Debug */ = {
			isa = XCBuildConfiguration;
			buildSettings = {
				ASSETCATALOG_COMPILER_APPICON_NAME = AppIcon;
				ASSETCATALOG_COMPILER_LAUNCHIMAGE_NAME = LaunchImage;
				GCC_PRECOMPILE_PREFIX_HEADER = YES;
				GCC_PREFIX_HEADER = "Telepathic Cinema/Telepathic Cinema-Prefix.pch";
				GCC_PREPROCESSOR_DEFINITIONS = (
					"DEBUG=1",
					IOS,
					VISAGE_STATIC,
					"$(inherited)",
				);
				HEADER_SEARCH_PATHS = (
					"$(inherited)",
					/Applications/Xcode.app/Contents/Developer/Toolchains/XcodeDefault.xctoolchain/usr/include,
					/usr/include/libxml2,
					"visageSDK-iOS/include",
					"visageSDK-iOS/include/libIOS",
					"visageSDK-iOS/dependencies/OpenCV-iOS/include",
					"visageSDK-iOS/dependencies/OpenCV-iOS/include/opencv",
				);
				INFOPLIST_FILE = "Telepathic Cinema/Telepathic Cinema-Info.plist";
				IPHONEOS_DEPLOYMENT_TARGET = 7.0;
				LIBRARY_SEARCH_PATHS = (
					"$(inherited)",
					"$(PROJECT_DIR)/visageSDK-iOS/lib",
					"$(PROJECT_DIR)",
				);
				PRODUCT_NAME = "$(TARGET_NAME)";
				VALID_ARCHS = armv7;
				WARNING_CFLAGS = "-Wno-comment";
				"WARNING_CFLAGS[arch=*]" = "-Wno-comment";
				WRAPPER_EXTENSION = app;
			};
			name = Debug;
		};
		CE18562F19AA3BD600B552EE /* Release */ = {
			isa = XCBuildConfiguration;
			buildSettings = {
				ASSETCATALOG_COMPILER_APPICON_NAME = AppIcon;
				ASSETCATALOG_COMPILER_LAUNCHIMAGE_NAME = LaunchImage;
				GCC_PRECOMPILE_PREFIX_HEADER = YES;
				GCC_PREFIX_HEADER = "Telepathic Cinema/Telepathic Cinema-Prefix.pch";
				GCC_PREPROCESSOR_DEFINITIONS = (
					IOS,
					VISAGE_STATIC,
				);
				HEADER_SEARCH_PATHS = (
					"$(inherited)",
					/Applications/Xcode.app/Contents/Developer/Toolchains/XcodeDefault.xctoolchain/usr/include,
					/usr/include/libxml2,
					"visageSDK-iOS/include",
					"visageSDK-iOS/include/libIOS",
					"visageSDK-iOS/dependencies/OpenCV-iOS/include",
					"visageSDK-iOS/dependencies/OpenCV-iOS/include/opencv",
				);
				INFOPLIST_FILE = "Telepathic Cinema/Telepathic Cinema-Info.plist";
				IPHONEOS_DEPLOYMENT_TARGET = 7.0;
				LIBRARY_SEARCH_PATHS = (
					"$(inherited)",
					"$(PROJECT_DIR)/visageSDK-iOS/lib",
					"$(PROJECT_DIR)",
				);
				PRODUCT_NAME = "$(TARGET_NAME)";
				VALID_ARCHS = armv7;
				WARNING_CFLAGS = "-Wno-comment";
				WRAPPER_EXTENSION = app;
			};
			name = Release;
		};
		CE18563119AA3BD600B552EE /* Debug */ = {
			isa = XCBuildConfiguration;
			buildSettings = {
				BUNDLE_LOADER = "$(BUILT_PRODUCTS_DIR)/Telepathic Cinema.app/Telepathic Cinema";
				FRAMEWORK_SEARCH_PATHS = (
					"$(SDKROOT)/Developer/Library/Frameworks",
					"$(inherited)",
					"$(DEVELOPER_FRAMEWORKS_DIR)",
				);
				GCC_PRECOMPILE_PREFIX_HEADER = YES;
				GCC_PREFIX_HEADER = "Telepathic Cinema/Telepathic Cinema-Prefix.pch";
				GCC_PREPROCESSOR_DEFINITIONS = (
					"DEBUG=1",
					"$(inherited)",
				);
				INFOPLIST_FILE = "Telepathic CinemaTests/Telepathic CinemaTests-Info.plist";
				PRODUCT_NAME = "$(TARGET_NAME)";
				TEST_HOST = "$(BUNDLE_LOADER)";
				WRAPPER_EXTENSION = xctest;
			};
			name = Debug;
		};
		CE18563219AA3BD600B552EE /* Release */ = {
			isa = XCBuildConfiguration;
			buildSettings = {
				BUNDLE_LOADER = "$(BUILT_PRODUCTS_DIR)/Telepathic Cinema.app/Telepathic Cinema";
				FRAMEWORK_SEARCH_PATHS = (
					"$(SDKROOT)/Developer/Library/Frameworks",
					"$(inherited)",
					"$(DEVELOPER_FRAMEWORKS_DIR)",
				);
				GCC_PRECOMPILE_PREFIX_HEADER = YES;
				GCC_PREFIX_HEADER = "Telepathic Cinema/Telepathic Cinema-Prefix.pch";
				INFOPLIST_FILE = "Telepathic CinemaTests/Telepathic CinemaTests-Info.plist";
				PRODUCT_NAME = "$(TARGET_NAME)";
				TEST_HOST = "$(BUNDLE_LOADER)";
				WRAPPER_EXTENSION = xctest;
			};
			name = Release;
		};
/* End XCBuildConfiguration section */

/* Begin XCConfigurationList section */
		CE1855F319AA3BD600B552EE /* Build configuration list for PBXProject "Telepathic Cinema" */ = {
			isa = XCConfigurationList;
			buildConfigurations = (
				CE18562B19AA3BD600B552EE /* Debug */,
				CE18562C19AA3BD600B552EE /* Release */,
			);
			defaultConfigurationIsVisible = 0;
			defaultConfigurationName = Release;
		};
		CE18562D19AA3BD600B552EE /* Build configuration list for PBXNativeTarget "Telepathic Cinema" */ = {
			isa = XCConfigurationList;
			buildConfigurations = (
				CE18562E19AA3BD600B552EE /* Debug */,
				CE18562F19AA3BD600B552EE /* Release */,
			);
			defaultConfigurationIsVisible = 0;
			defaultConfigurationName = Release;
		};
		CE18563019AA3BD600B552EE /* Build configuration list for PBXNativeTarget "Telepathic CinemaTests" */ = {
			isa = XCConfigurationList;
			buildConfigurations = (
				CE18563119AA3BD600B552EE /* Debug */,
				CE18563219AA3BD600B552EE /* Release */,
			);
			defaultConfigurationIsVisible = 0;
			defaultConfigurationName = Release;
		};
/* End XCConfigurationList section */
	};
	rootObject = CE1855F019AA3BD600B552EE /* Project object */;
}
